// !$*UTF8*$!
{
	archiveVersion = 1;
	classes = {
	};
	objectVersion = 54;
	objects = {

/* Begin PBXBuildFile section */
		06509E789C22A8B90BF81293 /* AppClipRouter.swift in Sources */ = {isa = PBXBuildFile; fileRef = 3F79964D1ECCA6555CE95FAD /* AppClipRouter.swift */; };
		0BEB8DCE396EB418FD5C1225 /* ScanSession.swift in Sources */ = {isa = PBXBuildFile; fileRef = 01C9B512B29BF12061170892 /* ScanSession.swift */; };
		1498D2341E8E89220040F4C2 /* GeneratedPluginRegistrant.m in Sources */ = {isa = PBXBuildFile; fileRef = 1498D2331E8E89220040F4C2 /* GeneratedPluginRegistrant.m */; };
		19644C853F7794FE986F7C62 /* UploadProgressView.swift in Sources */ = {isa = PBXBuildFile; fileRef = C2D8A560C7158058736DE287 /* UploadProgressView.swift */; };
		1D23206B4590C64CB8D25794 /* RoomNormalizer.swift in Sources */ = {isa = PBXBuildFile; fileRef = AB1FC98B58824E7FA112F37E /* RoomNormalizer.swift */; };
		2329770898F7DB0216E37C1D /* ScanSessionAPI.swift in Sources */ = {isa = PBXBuildFile; fileRef = 4810E5ADED25BB5A5799629C /* ScanSessionAPI.swift */; };
		28F518B1EC555B1893C44E6B /* ScanInvocation.swift in Sources */ = {isa = PBXBuildFile; fileRef = 9EFABF23CCEF7AD134C4F4F5 /* ScanInvocation.swift */; };
		2AF79C3F3123457BC223B7BD /* UyDoshAppClipApp.swift in Sources */ = {isa = PBXBuildFile; fileRef = F64C0DB825EB3F49D0CCE996 /* UyDoshAppClipApp.swift */; };
		2B6FB7EE0D3EA7F7542D0FD4 /* ScanSession.swift in Sources */ = {isa = PBXBuildFile; fileRef = 47AF3242895380ADDD3246B2 /* ScanSession.swift */; };
		331C808B294A63AB00263BE5 /* RunnerTests.swift in Sources */ = {isa = PBXBuildFile; fileRef = 331C807B294A618700263BE5 /* RunnerTests.swift */; };
		35A292706E2E87AAD18C919D /* Pods_Runner.framework in Frameworks */ = {isa = PBXBuildFile; fileRef = E6932E02C351A9D9008BDD07 /* Pods_Runner.framework */; };
		374B336DAAEC504F16842690 /* Foundation.framework in Frameworks */ = {isa = PBXBuildFile; fileRef = B233F1ADCACC36C3D12B899A /* Foundation.framework */; };
		395A2AAF8687A888F3F30A89 /* RoomScanCoordinator.swift in Sources */ = {isa = PBXBuildFile; fileRef = AADE55D5E5B3D4CACD5D78F3 /* RoomScanCoordinator.swift */; };
		3B3967161E833CAA004F5970 /* AppFrameworkInfo.plist in Resources */ = {isa = PBXBuildFile; fileRef = 3B3967151E833CAA004F5970 /* AppFrameworkInfo.plist */; };
		3FB9C49759262A68ECC2EAB1 /* Pods_RunnerTests.framework in Frameworks */ = {isa = PBXBuildFile; fileRef = BEDDC6E8D184C1255ECBEAC0 /* Pods_RunnerTests.framework */; };
		400409830046F70C17CBE5F1 /* InfoPlist.xcstrings in Resources */ = {isa = PBXBuildFile; fileRef = 93062848023722EF271E0825 /* InfoPlist.xcstrings */; };
		444D6D42BAB9F99D709AB070 /* ScanIntroView.swift in Sources */ = {isa = PBXBuildFile; fileRef = 7432C6AB906C96AB32BB46A5 /* ScanIntroView.swift */; };
		492EA93C68ABA0C40DEE944A /* Localizable.xcstrings in Resources */ = {isa = PBXBuildFile; fileRef = 61A7B7EF5259FC73BF507BC9 /* Localizable.xcstrings */; };
		513B63CF2E54A9C400D89774 /* Podfile.lock in Resources */ = {isa = PBXBuildFile; fileRef = 513B63CE2E54A9C400D89774 /* Podfile.lock */; };
		513B63D12E54B0A200D89774 /* GoogleService-Info.plist in Resources */ = {isa = PBXBuildFile; fileRef = 513B63D02E54B0A200D89774 /* GoogleService-Info.plist */; };
		515E1DAFCDEDF34C38AC7F28 /* ScanView.swift in Sources */ = {isa = PBXBuildFile; fileRef = 79A3693F28F105E7DF1C358A /* ScanView.swift */; };
		5667DE3767616F5B67CB2D42 /* RoomScanArtifacts.swift in Sources */ = {isa = PBXBuildFile; fileRef = 6C4123123B2F6B17D1BBAD73 /* RoomScanArtifacts.swift */; };
		5A5943B27478D9EF28422FDF /* ScanErrorView.swift in Sources */ = {isa = PBXBuildFile; fileRef = 9A8B2193A8B794899A3B1291 /* ScanErrorView.swift */; };
		63505E0CE3A69794BA64358B /* UploadService.swift in Sources */ = {isa = PBXBuildFile; fileRef = 532A5DC500DE0BE3C8A97D10 /* UploadService.swift */; };
		6838C80EAAA3A74C24E3D520 /* AppClipConfig.swift in Sources */ = {isa = PBXBuildFile; fileRef = 69CE1D779D7ACED4C99A53FF /* AppClipConfig.swift */; };
		6A2F5E702EFB000100000001 /* PrivacyInfo.xcprivacy in Resources */ = {isa = PBXBuildFile; fileRef = 6A2F5E6F2EFB000100000001 /* PrivacyInfo.xcprivacy */; };
		6B8208462541C812F307E859 /* ScanSuccessView.swift in Sources */ = {isa = PBXBuildFile; fileRef = 1EC628F09396861C38CEB7E1 /* ScanSuccessView.swift */; };
		6D53D6CE4448459634FA86BB /* ScanIntroView.swift in Sources */ = {isa = PBXBuildFile; fileRef = E12B7CC56B7FC7DD334561CC /* ScanIntroView.swift */; };
		6F86F2DF69F801454F09F2E7 /* RootView.swift in Sources */ = {isa = PBXBuildFile; fileRef = 9D82CDB41BC6F1B15B1661E9 /* RootView.swift */; };
		70BDE96A20DD9D1D08355FEF /* AppClipConfig.swift in Sources */ = {isa = PBXBuildFile; fileRef = C3E0423B1612AE78E98EAC63 /* AppClipConfig.swift */; };
		74858FAF1ED2DC5600515810 /* AppDelegate.swift in Sources */ = {isa = PBXBuildFile; fileRef = 74858FAE1ED2DC5600515810 /* AppDelegate.swift */; };
		767FBEC0A6882B3655137DED /* APIClient.swift in Sources */ = {isa = PBXBuildFile; fileRef = 21A665345D8F5EE2403B4ADE /* APIClient.swift */; };
		7B197167C258AA74B74A00AB /* ScanInvocation.swift in Sources */ = {isa = PBXBuildFile; fileRef = 9EE6A49240B3599E9448884F /* ScanInvocation.swift */; };
		7B42B286E4DFD5276EC0F99A /* ScanView.swift in Sources */ = {isa = PBXBuildFile; fileRef = 581A764381D4EAC37E064CAB /* ScanView.swift */; };
		7EBA8B682E916F6B85CE2775 /* AppClipRouter.swift in Sources */ = {isa = PBXBuildFile; fileRef = 4C6E3E4983C60433584FF6D4 /* AppClipRouter.swift */; };
		8036EB034498164CE3DC091E /* RoomPlanSupport.swift in Sources */ = {isa = PBXBuildFile; fileRef = FA5A2E99FE3FBDA654585557 /* RoomPlanSupport.swift */; };
		81A1D5AB0FAEFF474BB606C6 /* APIClient.swift in Sources */ = {isa = PBXBuildFile; fileRef = AE79024A759791240978D06C /* APIClient.swift */; };
		85307E6B96ACDAAFA994A85B /* ScanSuccessView.swift in Sources */ = {isa = PBXBuildFile; fileRef = FB38F3357E6B6BB8C56AF8F5 /* ScanSuccessView.swift */; };
		949AA853D340FB3D4E3CACA9 /* ScanReviewView.swift in Sources */ = {isa = PBXBuildFile; fileRef = 2D305373B1F83B7D7574D73A /* ScanReviewView.swift */; };
		97C146FC1CF9000F007C117D /* Main.storyboard in Resources */ = {isa = PBXBuildFile; fileRef = 97C146FA1CF9000F007C117D /* Main.storyboard */; };
		97C146FE1CF9000F007C117D /* Assets.xcassets in Resources */ = {isa = PBXBuildFile; fileRef = 97C146FD1CF9000F007C117D /* Assets.xcassets */; };
		97C147011CF9000F007C117D /* LaunchScreen.storyboard in Resources */ = {isa = PBXBuildFile; fileRef = 97C146FF1CF9000F007C117D /* LaunchScreen.storyboard */; };
		9DCA8D6E115F395209794B0F /* RoomExporter.swift in Sources */ = {isa = PBXBuildFile; fileRef = AF2D79C7E17D35C69E5525C8 /* RoomExporter.swift */; };
		AAEBCEE821F2D5DB701FE9B2 /* ScanUploadResult.swift in Sources */ = {isa = PBXBuildFile; fileRef = EB72B5E148A2CFD128CBC875 /* ScanUploadResult.swift */; };
		AD12338F89B8D3FBC6193E3E /* UploadService.swift in Sources */ = {isa = PBXBuildFile; fileRef = D825A0FAECEA75E034181688 /* UploadService.swift */; };
		AE0DE0851066E716A1EDDA1A /* Foundation.framework in Frameworks */ = {isa = PBXBuildFile; fileRef = B233F1ADCACC36C3D12B899A /* Foundation.framework */; };
		AEDF0D2DFAE12ECC5932FA98 /* ScanReviewView.swift in Sources */ = {isa = PBXBuildFile; fileRef = A42C4BE5E59E00EAA3D655EC /* ScanReviewView.swift */; };
		B1A7750EB2729CFCAFF0BBEE /* RoomScanArtifacts.swift in Sources */ = {isa = PBXBuildFile; fileRef = C74462CA62BC890E7D618F08 /* RoomScanArtifacts.swift */; };
		B4395C9592B80E5F6548AAD7 /* InfoPlist.xcstrings in Resources */ = {isa = PBXBuildFile; fileRef = 7DCD43A35D1F3260DFAE6617 /* InfoPlist.xcstrings */; };
		B89B9AC45D1C7349FF3449E2 /* RoomExporter.swift in Sources */ = {isa = PBXBuildFile; fileRef = 392B9DE09AAD8D824701B59C /* RoomExporter.swift */; };
		BA3674883E7A99E433D0FE4B /* RoomPlanSupport.swift in Sources */ = {isa = PBXBuildFile; fileRef = E04232BA0B49A2CFF62B4F09 /* RoomPlanSupport.swift */; };
		C56DE33BE6B8993FA224EFDC /* ScanErrorView.swift in Sources */ = {isa = PBXBuildFile; fileRef = 143C47DE3809BD3E0712BE65 /* ScanErrorView.swift */; };
		CFC3C5320DCF24A92A4AE56B /* NormalizedRoom.swift in Sources */ = {isa = PBXBuildFile; fileRef = 1B8C29E0C7ECDD8795346DC5 /* NormalizedRoom.swift */; };
		D0A7D0C569F91169764E3D8F /* Localizable.xcstrings in Resources */ = {isa = PBXBuildFile; fileRef = EC8A871ED3C058F9A6975DEB /* Localizable.xcstrings */; };
		D75BA067C38422C9899FA5AB /* UploadProgressView.swift in Sources */ = {isa = PBXBuildFile; fileRef = 277069E338C2BEC4D834CF39 /* UploadProgressView.swift */; };
		DB560E9B1BC1E0F8888BC805 /* NormalizedRoom.swift in Sources */ = {isa = PBXBuildFile; fileRef = D8855C35F5BA4A4A0186D1CB /* NormalizedRoom.swift */; };
		E8A1B2C41ED2DC5600515811 /* RoomUsdzViewerViewController.swift in Sources */ = {isa = PBXBuildFile; fileRef = E8A1B2C31ED2DC5600515811 /* RoomUsdzViewerViewController.swift */; };
		E8A1B2D11ED2DC5600515812 /* RoomScanBoundsPlugin.swift in Sources */ = {isa = PBXBuildFile; fileRef = E8A1B2D01ED2DC5600515812 /* RoomScanBoundsPlugin.swift */; };
		E8A1B2E11ED2DC5600515813 /* RoomScanMetricsComputer.swift in Sources */ = {isa = PBXBuildFile; fileRef = E8A1B2E01ED2DC5600515813 /* RoomScanMetricsComputer.swift */; };
		E8A1B2F11ED2DC5600515814 /* FloorPlanModel.swift in Sources */ = {isa = PBXBuildFile; fileRef = E8A1B2F01ED2DC5600515814 /* FloorPlanModel.swift */; };
		E8A1B2F21ED2DC5600515815 /* FloorPlanProjectionService.swift in Sources */ = {isa = PBXBuildFile; fileRef = E8A1B2F31ED2DC5600515815 /* FloorPlanProjectionService.swift */; };
		E8A1B2F41ED2DC5600515816 /* FloorPlanRenderers.swift in Sources */ = {isa = PBXBuildFile; fileRef = E8A1B2F51ED2DC5600515816 /* FloorPlanRenderers.swift */; };
		E8A1B2F61ED2DC5600515817 /* FloorPlanCanvas.swift in Sources */ = {isa = PBXBuildFile; fileRef = E8A1B2F71ED2DC5600515817 /* FloorPlanCanvas.swift */; };
		E8A1B2F81ED2DC5600515818 /* FloorPlanTab.swift in Sources */ = {isa = PBXBuildFile; fileRef = E8A1B2F91ED2DC5600515818 /* FloorPlanTab.swift */; };
		E8A1B3011ED2DC5600515819 /* FloorPlanAlignmentService.swift in Sources */ = {isa = PBXBuildFile; fileRef = E8A1B3021ED2DC560051581A /* FloorPlanAlignmentService.swift */; };
		E8A1B3031ED2DC560051581B /* EditableFloorPlanModel.swift in Sources */ = {isa = PBXBuildFile; fileRef = E8A1B3041ED2DC560051581C /* EditableFloorPlanModel.swift */; };
		E8A1B3051ED2DC560051581D /* RoomPlanToEditableModelMapper.swift in Sources */ = {isa = PBXBuildFile; fileRef = E8A1B3061ED2DC560051581E /* RoomPlanToEditableModelMapper.swift */; };
		E8A1B3071ED2DC560051581F /* EditableFloorPlanAlignService.swift in Sources */ = {isa = PBXBuildFile; fileRef = E8A1B3081ED2DC5600515820 /* EditableFloorPlanAlignService.swift */; };
		E8A1B3091ED2DC5600515821 /* DimensionLineService.swift in Sources */ = {isa = PBXBuildFile; fileRef = E8A1B30A1ED2DC5600515822 /* DimensionLineService.swift */; };
		E8A1B30B1ED2DC5600515823 /* FloorPlanResizeService.swift in Sources */ = {isa = PBXBuildFile; fileRef = E8A1B30C1ED2DC5600515824 /* FloorPlanResizeService.swift */; };
		E8A1B30D1ED2DC5600515825 /* EditableFloorPlanProjector.swift in Sources */ = {isa = PBXBuildFile; fileRef = E8A1B30E1ED2DC5600515826 /* EditableFloorPlanProjector.swift */; };
		E8A1B30F1ED2DC5600515827 /* FloorPlanStateManager.swift in Sources */ = {isa = PBXBuildFile; fileRef = E8A1B3101ED2DC5600515828 /* FloorPlanStateManager.swift */; };
		E8A1B3111ED2DC5600515829 /* Scene3DRegenerationService.swift in Sources */ = {isa = PBXBuildFile; fileRef = E8A1B3121ED2DC560051582A /* Scene3DRegenerationService.swift */; };
		E8A1B3131ED2DC560051582B /* DimensionEditController.swift in Sources */ = {isa = PBXBuildFile; fileRef = E8A1B3141ED2DC560051582C /* DimensionEditController.swift */; };
		E8A1B3151ED2DC560051582D /* FloorPlanResizeServiceTests.swift in Sources */ = {isa = PBXBuildFile; fileRef = E8A1B3161ED2DC560051582E /* FloorPlanResizeServiceTests.swift */; };
		E8A1B3191ED2DC5600515831 /* RoomScanOrientationCapture.swift in Sources */ = {isa = PBXBuildFile; fileRef = E8A1B31A1ED2DC5600515832 /* RoomScanOrientationCapture.swift */; };
		E8A1B31B1ED2DC5600515833 /* FloorPlanNorthOrientation.swift in Sources */ = {isa = PBXBuildFile; fileRef = E8A1B31C1ED2DC5600515834 /* FloorPlanNorthOrientation.swift */; };
		E8A1B31D1ED2DC5600515835 /* CompassOrientationEditController.swift in Sources */ = {isa = PBXBuildFile; fileRef = E8A1B31E1ED2DC5600515836 /* CompassOrientationEditController.swift */; };
		E8A1B3211ED2DC5600515841 /* SunPositionMath.swift in Sources */ = {isa = PBXBuildFile; fileRef = E8A1B3221ED2DC5600515842 /* SunPositionMath.swift */; };
		E8A1B3231ED2DC5600515843 /* SunSimulationController.swift in Sources */ = {isa = PBXBuildFile; fileRef = E8A1B3241ED2DC5600515844 /* SunSimulationController.swift */; };
		E8A1B3251ED2DC5600515845 /* SunSimulationPanel.swift in Sources */ = {isa = PBXBuildFile; fileRef = E8A1B3261ED2DC5600515846 /* SunSimulationPanel.swift */; };
		E8A1B3271ED2DC5600515847 /* SunCompassOverlayView.swift in Sources */ = {isa = PBXBuildFile; fileRef = E8A1B3281ED2DC5600515848 /* SunCompassOverlayView.swift */; };
		E8A1B3291ED2DC5600515849 /* ScanCeilingService.swift in Sources */ = {isa = PBXBuildFile; fileRef = E8A1B32A1ED2DC560051584A /* ScanCeilingService.swift */; };
		E8A1B32B1ED2DC560051584B /* CompassScreenProjection.swift in Sources */ = {isa = PBXBuildFile; fileRef = E8A1B32C1ED2DC560051584C /* CompassScreenProjection.swift */; };
		E8A1B32D1ED2DC560051584D /* CompassOrientationAdjustPanel.swift in Sources */ = {isa = PBXBuildFile; fileRef = E8A1B32E1ED2DC560051584E /* CompassOrientationAdjustPanel.swift */; };
		E8A1B3401ED2DC5600515860 /* SunClockOverlayView.swift in Sources */ = {isa = PBXBuildFile; fileRef = E8A1B3411ED2DC5600515861 /* SunClockOverlayView.swift */; };
		E8A1B3401ED2DC5600515901 /* SolarPosition.swift in Sources */ = {isa = PBXBuildFile; fileRef = E8A1B3411ED2DC5600515902 /* SolarPosition.swift */; };
		EEB671AF44C92C8B449B6728 /* RoomNormalizer.swift in Sources */ = {isa = PBXBuildFile; fileRef = E82CF4338071C178C7FFF3FD /* RoomNormalizer.swift */; };
		EEEFFCFA1E00FF1795CC78AE /* RootView.swift in Sources */ = {isa = PBXBuildFile; fileRef = 093255626DB046036E5E388B /* RootView.swift */; };
		EFCBA4304C8C4AEB7317F2A1 /* ScanSessionAPI.swift in Sources */ = {isa = PBXBuildFile; fileRef = A0E9774DB927150182C6C8E6 /* ScanSessionAPI.swift */; };
		F1A2B3C4D5E60718293A4B64 /* Localizable.strings in Resources */ = {isa = PBXBuildFile; fileRef = F1A2B3C4D5E60718293A4B60 /* Localizable.strings */; };
		F1A2B3C4D5E60718293A4B75 /* InfoPlist.strings in Resources */ = {isa = PBXBuildFile; fileRef = F1A2B3C4D5E60718293A4B70 /* InfoPlist.strings */; };
		F1A8F44B2BB64AC66ADC1094 /* UyDoshAppClipApp.swift in Sources */ = {isa = PBXBuildFile; fileRef = ECD101C76EEBDE81BCA3095D /* UyDoshAppClipApp.swift */; };
		F260D7679F32CE411BAA249C /* ScanUploadResult.swift in Sources */ = {isa = PBXBuildFile; fileRef = D50DE2D07050C808A6857254 /* ScanUploadResult.swift */; };
		F4A9B852488A122E5F94504A /* RoomScanCoordinator.swift in Sources */ = {isa = PBXBuildFile; fileRef = 99CCAD618DF1592271FCC61F /* RoomScanCoordinator.swift */; };
/* End PBXBuildFile section */

/* Begin PBXContainerItemProxy section */
		331C8085294A63A400263BE5 /* PBXContainerItemProxy */ = {
			isa = PBXContainerItemProxy;
			containerPortal = 97C146E61CF9000F007C117D /* Project object */;
			proxyType = 1;
			remoteGlobalIDString = 97C146ED1CF9000F007C117D;
			remoteInfo = Runner;
		};
/* End PBXContainerItemProxy section */

/* Begin PBXCopyFilesBuildPhase section */
		9705A1C41CF9048500538489 /* Embed Frameworks */ = {
			isa = PBXCopyFilesBuildPhase;
			buildActionMask = 2147483647;
			dstPath = "";
			dstSubfolderSpec = 10;
			files = (
			);
			name = "Embed Frameworks";
			runOnlyForDeploymentPostprocessing = 0;
		};
/* End PBXCopyFilesBuildPhase section */

/* Begin PBXFileReference section */
		01C9B512B29BF12061170892 /* ScanSession.swift */ = {isa = PBXFileReference; includeInIndex = 1; lastKnownFileType = sourcecode.swift; path = ScanSession.swift; sourceTree = "<group>"; };
		093255626DB046036E5E388B /* RootView.swift */ = {isa = PBXFileReference; includeInIndex = 1; lastKnownFileType = sourcecode.swift; path = RootView.swift; sourceTree = "<group>"; };
		0A18A3A7F07D0FA29AA68066 /* Pods-Runner.debug.xcconfig */ = {isa = PBXFileReference; includeInIndex = 1; lastKnownFileType = text.xcconfig; name = "Pods-Runner.debug.xcconfig"; path = "Target Support Files/Pods-Runner/Pods-Runner.debug.xcconfig"; sourceTree = "<group>"; };
		143C47DE3809BD3E0712BE65 /* ScanErrorView.swift */ = {isa = PBXFileReference; includeInIndex = 1; lastKnownFileType = sourcecode.swift; path = ScanErrorView.swift; sourceTree = "<group>"; };
		1498D2321E8E86230040F4C2 /* GeneratedPluginRegistrant.h */ = {isa = PBXFileReference; lastKnownFileType = sourcecode.c.h; path = GeneratedPluginRegistrant.h; sourceTree = "<group>"; };
		1498D2331E8E89220040F4C2 /* GeneratedPluginRegistrant.m */ = {isa = PBXFileReference; fileEncoding = 4; lastKnownFileType = sourcecode.c.objc; path = GeneratedPluginRegistrant.m; sourceTree = "<group>"; };
		1B8C29E0C7ECDD8795346DC5 /* NormalizedRoom.swift */ = {isa = PBXFileReference; includeInIndex = 1; lastKnownFileType = sourcecode.swift; path = NormalizedRoom.swift; sourceTree = "<group>"; };
		1EC628F09396861C38CEB7E1 /* ScanSuccessView.swift */ = {isa = PBXFileReference; includeInIndex = 1; lastKnownFileType = sourcecode.swift; path = ScanSuccessView.swift; sourceTree = "<group>"; };
		21A665345D8F5EE2403B4ADE /* APIClient.swift */ = {isa = PBXFileReference; includeInIndex = 1; lastKnownFileType = sourcecode.swift; path = APIClient.swift; sourceTree = "<group>"; };
		277069E338C2BEC4D834CF39 /* UploadProgressView.swift */ = {isa = PBXFileReference; includeInIndex = 1; lastKnownFileType = sourcecode.swift; path = UploadProgressView.swift; sourceTree = "<group>"; };
		2D305373B1F83B7D7574D73A /* ScanReviewView.swift */ = {isa = PBXFileReference; includeInIndex = 1; lastKnownFileType = sourcecode.swift; path = ScanReviewView.swift; sourceTree = "<group>"; };
		331C807B294A618700263BE5 /* RunnerTests.swift */ = {isa = PBXFileReference; lastKnownFileType = sourcecode.swift; path = RunnerTests.swift; sourceTree = "<group>"; };
		331C8081294A63A400263BE5 /* RunnerTests.xctest */ = {isa = PBXFileReference; explicitFileType = wrapper.cfbundle; includeInIndex = 0; path = RunnerTests.xctest; sourceTree = BUILT_PRODUCTS_DIR; };
		392B9DE09AAD8D824701B59C /* RoomExporter.swift */ = {isa = PBXFileReference; includeInIndex = 1; lastKnownFileType = sourcecode.swift; path = RoomExporter.swift; sourceTree = "<group>"; };
		3B3967151E833CAA004F5970 /* AppFrameworkInfo.plist */ = {isa = PBXFileReference; fileEncoding = 4; lastKnownFileType = text.plist.xml; name = AppFrameworkInfo.plist; path = Flutter/AppFrameworkInfo.plist; sourceTree = "<group>"; };
		3F79964D1ECCA6555CE95FAD /* AppClipRouter.swift */ = {isa = PBXFileReference; includeInIndex = 1; lastKnownFileType = sourcecode.swift; path = AppClipRouter.swift; sourceTree = "<group>"; };
		47AF3242895380ADDD3246B2 /* ScanSession.swift */ = {isa = PBXFileReference; includeInIndex = 1; lastKnownFileType = sourcecode.swift; path = ScanSession.swift; sourceTree = "<group>"; };
		4810E5ADED25BB5A5799629C /* ScanSessionAPI.swift */ = {isa = PBXFileReference; includeInIndex = 1; lastKnownFileType = sourcecode.swift; path = ScanSessionAPI.swift; sourceTree = "<group>"; };
		4C6E3E4983C60433584FF6D4 /* AppClipRouter.swift */ = {isa = PBXFileReference; includeInIndex = 1; lastKnownFileType = sourcecode.swift; path = AppClipRouter.swift; sourceTree = "<group>"; };
		513B63CE2E54A9C400D89774 /* Podfile.lock */ = {isa = PBXFileReference; lastKnownFileType = text; path = Podfile.lock; sourceTree = "<group>"; };
		513B63D02E54B0A200D89774 /* GoogleService-Info.plist */ = {isa = PBXFileReference; lastKnownFileType = text.plist.xml; path = "GoogleService-Info.plist"; sourceTree = "<group>"; };
		51AF6FB12F4BDD8100369D93 /* Runner.entitlements */ = {isa = PBXFileReference; lastKnownFileType = text.plist.entitlements; path = Runner.entitlements; sourceTree = "<group>"; };
		51AF6FB22F4BDD8100369D94 /* RunnerDebug.entitlements */ = {isa = PBXFileReference; lastKnownFileType = text.plist.entitlements; path = RunnerDebug.entitlements; sourceTree = "<group>"; };
		532A5DC500DE0BE3C8A97D10 /* UploadService.swift */ = {isa = PBXFileReference; includeInIndex = 1; lastKnownFileType = sourcecode.swift; path = UploadService.swift; sourceTree = "<group>"; };
		570C753921F9C5655BBB7561 /* Info.plist */ = {isa = PBXFileReference; includeInIndex = 1; lastKnownFileType = text.plist.xml; path = Info.plist; sourceTree = "<group>"; };
		581A764381D4EAC37E064CAB /* ScanView.swift */ = {isa = PBXFileReference; includeInIndex = 1; lastKnownFileType = sourcecode.swift; path = ScanView.swift; sourceTree = "<group>"; };
		61A7B7EF5259FC73BF507BC9 /* Localizable.xcstrings */ = {isa = PBXFileReference; includeInIndex = 1; path = Localizable.xcstrings; sourceTree = "<group>"; };
		69CE1D779D7ACED4C99A53FF /* AppClipConfig.swift */ = {isa = PBXFileReference; includeInIndex = 1; lastKnownFileType = sourcecode.swift; path = AppClipConfig.swift; sourceTree = "<group>"; };
		6A2F5E6F2EFB000100000001 /* PrivacyInfo.xcprivacy */ = {isa = PBXFileReference; lastKnownFileType = text.xml; path = PrivacyInfo.xcprivacy; sourceTree = "<group>"; };
		6C4123123B2F6B17D1BBAD73 /* RoomScanArtifacts.swift */ = {isa = PBXFileReference; includeInIndex = 1; lastKnownFileType = sourcecode.swift; path = RoomScanArtifacts.swift; sourceTree = "<group>"; };
		6FB991721B08E71922F358B5 /* Pods-Runner.release.xcconfig */ = {isa = PBXFileReference; includeInIndex = 1; lastKnownFileType = text.xcconfig; name = "Pods-Runner.release.xcconfig"; path = "Target Support Files/Pods-Runner/Pods-Runner.release.xcconfig"; sourceTree = "<group>"; };
		7432C6AB906C96AB32BB46A5 /* ScanIntroView.swift */ = {isa = PBXFileReference; includeInIndex = 1; lastKnownFileType = sourcecode.swift; path = ScanIntroView.swift; sourceTree = "<group>"; };
		74858FAD1ED2DC5600515810 /* Runner-Bridging-Header.h */ = {isa = PBXFileReference; lastKnownFileType = sourcecode.c.h; path = "Runner-Bridging-Header.h"; sourceTree = "<group>"; };
		74858FAE1ED2DC5600515810 /* AppDelegate.swift */ = {isa = PBXFileReference; fileEncoding = 4; lastKnownFileType = sourcecode.swift; path = AppDelegate.swift; sourceTree = "<group>"; };
		78D5760D51294487E5A233CA /* UyDoshAppClip.app */ = {isa = PBXFileReference; explicitFileType = wrapper.application; includeInIndex = 0; path = UyDoshAppClip.app; sourceTree = BUILT_PRODUCTS_DIR; };
		79A3693F28F105E7DF1C358A /* ScanView.swift */ = {isa = PBXFileReference; includeInIndex = 1; lastKnownFileType = sourcecode.swift; path = ScanView.swift; sourceTree = "<group>"; };
		7AFA3C8E1D35360C0083082E /* Release.xcconfig */ = {isa = PBXFileReference; lastKnownFileType = text.xcconfig; name = Release.xcconfig; path = Flutter/Release.xcconfig; sourceTree = "<group>"; };
		7C12674D682E550DE91A8C41 /* Pods-RunnerTests.debug.xcconfig */ = {isa = PBXFileReference; includeInIndex = 1; lastKnownFileType = text.xcconfig; name = "Pods-RunnerTests.debug.xcconfig"; path = "Target Support Files/Pods-RunnerTests/Pods-RunnerTests.debug.xcconfig"; sourceTree = "<group>"; };
		7DCD43A35D1F3260DFAE6617 /* InfoPlist.xcstrings */ = {isa = PBXFileReference; includeInIndex = 1; path = InfoPlist.xcstrings; sourceTree = "<group>"; };
		8C054B8545E4B908B611414E /* Pods-Runner.profile.xcconfig */ = {isa = PBXFileReference; includeInIndex = 1; lastKnownFileType = text.xcconfig; name = "Pods-Runner.profile.xcconfig"; path = "Target Support Files/Pods-Runner/Pods-Runner.profile.xcconfig"; sourceTree = "<group>"; };
		93062848023722EF271E0825 /* InfoPlist.xcstrings */ = {isa = PBXFileReference; includeInIndex = 1; path = InfoPlist.xcstrings; sourceTree = "<group>"; };
		9740EEB21CF90195004384FC /* Debug.xcconfig */ = {isa = PBXFileReference; fileEncoding = 4; lastKnownFileType = text.xcconfig; name = Debug.xcconfig; path = Flutter/Debug.xcconfig; sourceTree = "<group>"; };
		9740EEB31CF90195004384FC /* Generated.xcconfig */ = {isa = PBXFileReference; fileEncoding = 4; lastKnownFileType = text.xcconfig; name = Generated.xcconfig; path = Flutter/Generated.xcconfig; sourceTree = "<group>"; };
		97B1E4ABCB93745153579DAF /* UyDoshAppClip.entitlements */ = {isa = PBXFileReference; includeInIndex = 1; lastKnownFileType = text.plist.entitlements; path = UyDoshAppClip.entitlements; sourceTree = "<group>"; };
		97C146EE1CF9000F007C117D /* Runner.app */ = {isa = PBXFileReference; explicitFileType = wrapper.application; includeInIndex = 0; path = Runner.app; sourceTree = BUILT_PRODUCTS_DIR; };
		97C146FB1CF9000F007C117D /* Base */ = {isa = PBXFileReference; lastKnownFileType = file.storyboard; name = Base; path = Base.lproj/Main.storyboard; sourceTree = "<group>"; };
		97C146FD1CF9000F007C117D /* Assets.xcassets */ = {isa = PBXFileReference; lastKnownFileType = folder.assetcatalog; path = Assets.xcassets; sourceTree = "<group>"; };
		97C147001CF9000F007C117D /* Base */ = {isa = PBXFileReference; lastKnownFileType = file.storyboard; name = Base; path = Base.lproj/LaunchScreen.storyboard; sourceTree = "<group>"; };
		97C147021CF9000F007C117D /* Info.plist */ = {isa = PBXFileReference; lastKnownFileType = text.plist.xml; path = Info.plist; sourceTree = "<group>"; };
		99CCAD618DF1592271FCC61F /* RoomScanCoordinator.swift */ = {isa = PBXFileReference; includeInIndex = 1; lastKnownFileType = sourcecode.swift; path = RoomScanCoordinator.swift; sourceTree = "<group>"; };
		9A8B2193A8B794899A3B1291 /* ScanErrorView.swift */ = {isa = PBXFileReference; includeInIndex = 1; lastKnownFileType = sourcecode.swift; path = ScanErrorView.swift; sourceTree = "<group>"; };
		9D82CDB41BC6F1B15B1661E9 /* RootView.swift */ = {isa = PBXFileReference; includeInIndex = 1; lastKnownFileType = sourcecode.swift; path = RootView.swift; sourceTree = "<group>"; };
		9EE6A49240B3599E9448884F /* ScanInvocation.swift */ = {isa = PBXFileReference; includeInIndex = 1; lastKnownFileType = sourcecode.swift; path = ScanInvocation.swift; sourceTree = "<group>"; };
		9EFABF23CCEF7AD134C4F4F5 /* ScanInvocation.swift */ = {isa = PBXFileReference; includeInIndex = 1; lastKnownFileType = sourcecode.swift; path = ScanInvocation.swift; sourceTree = "<group>"; };
		A0E9774DB927150182C6C8E6 /* ScanSessionAPI.swift */ = {isa = PBXFileReference; includeInIndex = 1; lastKnownFileType = sourcecode.swift; path = ScanSessionAPI.swift; sourceTree = "<group>"; };
		A42C4BE5E59E00EAA3D655EC /* ScanReviewView.swift */ = {isa = PBXFileReference; includeInIndex = 1; lastKnownFileType = sourcecode.swift; path = ScanReviewView.swift; sourceTree = "<group>"; };
		AADE55D5E5B3D4CACD5D78F3 /* RoomScanCoordinator.swift */ = {isa = PBXFileReference; includeInIndex = 1; lastKnownFileType = sourcecode.swift; path = RoomScanCoordinator.swift; sourceTree = "<group>"; };
		AB1FC98B58824E7FA112F37E /* RoomNormalizer.swift */ = {isa = PBXFileReference; includeInIndex = 1; lastKnownFileType = sourcecode.swift; path = RoomNormalizer.swift; sourceTree = "<group>"; };
		AE79024A759791240978D06C /* APIClient.swift */ = {isa = PBXFileReference; includeInIndex = 1; lastKnownFileType = sourcecode.swift; path = APIClient.swift; sourceTree = "<group>"; };
		AF2D79C7E17D35C69E5525C8 /* RoomExporter.swift */ = {isa = PBXFileReference; includeInIndex = 1; lastKnownFileType = sourcecode.swift; path = RoomExporter.swift; sourceTree = "<group>"; };
		B233F1ADCACC36C3D12B899A /* Foundation.framework */ = {isa = PBXFileReference; lastKnownFileType = wrapper.framework; name = Foundation.framework; path = Platforms/iPhoneOS.platform/Developer/SDKs/iPhoneOS18.0.sdk/System/Library/Frameworks/Foundation.framework; sourceTree = DEVELOPER_DIR; };
		B9C5B12B3123CEEF5420166E /* Pods-RunnerTests.profile.xcconfig */ = {isa = PBXFileReference; includeInIndex = 1; lastKnownFileType = text.xcconfig; name = "Pods-RunnerTests.profile.xcconfig"; path = "Target Support Files/Pods-RunnerTests/Pods-RunnerTests.profile.xcconfig"; sourceTree = "<group>"; };
		BEDDC6E8D184C1255ECBEAC0 /* Pods_RunnerTests.framework */ = {isa = PBXFileReference; explicitFileType = wrapper.framework; includeInIndex = 0; path = Pods_RunnerTests.framework; sourceTree = BUILT_PRODUCTS_DIR; };
		C2D8A560C7158058736DE287 /* UploadProgressView.swift */ = {isa = PBXFileReference; includeInIndex = 1; lastKnownFileType = sourcecode.swift; path = UploadProgressView.swift; sourceTree = "<group>"; };
		C3E0423B1612AE78E98EAC63 /* AppClipConfig.swift */ = {isa = PBXFileReference; includeInIndex = 1; lastKnownFileType = sourcecode.swift; path = AppClipConfig.swift; sourceTree = "<group>"; };
		C421C8AF8E9A70E1BDB0DC3B /* Pods-RunnerTests.release.xcconfig */ = {isa = PBXFileReference; includeInIndex = 1; lastKnownFileType = text.xcconfig; name = "Pods-RunnerTests.release.xcconfig"; path = "Target Support Files/Pods-RunnerTests/Pods-RunnerTests.release.xcconfig"; sourceTree = "<group>"; };
		C74462CA62BC890E7D618F08 /* RoomScanArtifacts.swift */ = {isa = PBXFileReference; includeInIndex = 1; lastKnownFileType = sourcecode.swift; path = RoomScanArtifacts.swift; sourceTree = "<group>"; };
		D50DE2D07050C808A6857254 /* ScanUploadResult.swift */ = {isa = PBXFileReference; includeInIndex = 1; lastKnownFileType = sourcecode.swift; path = ScanUploadResult.swift; sourceTree = "<group>"; };
		D825A0FAECEA75E034181688 /* UploadService.swift */ = {isa = PBXFileReference; includeInIndex = 1; lastKnownFileType = sourcecode.swift; path = UploadService.swift; sourceTree = "<group>"; };
		D8855C35F5BA4A4A0186D1CB /* NormalizedRoom.swift */ = {isa = PBXFileReference; includeInIndex = 1; lastKnownFileType = sourcecode.swift; path = NormalizedRoom.swift; sourceTree = "<group>"; };
		E04232BA0B49A2CFF62B4F09 /* RoomPlanSupport.swift */ = {isa = PBXFileReference; includeInIndex = 1; lastKnownFileType = sourcecode.swift; path = RoomPlanSupport.swift; sourceTree = "<group>"; };
		E12B7CC56B7FC7DD334561CC /* ScanIntroView.swift */ = {isa = PBXFileReference; includeInIndex = 1; lastKnownFileType = sourcecode.swift; path = ScanIntroView.swift; sourceTree = "<group>"; };
		E6932E02C351A9D9008BDD07 /* Pods_Runner.framework */ = {isa = PBXFileReference; explicitFileType = wrapper.framework; includeInIndex = 0; path = Pods_Runner.framework; sourceTree = BUILT_PRODUCTS_DIR; };
		E82CF4338071C178C7FFF3FD /* RoomNormalizer.swift */ = {isa = PBXFileReference; includeInIndex = 1; lastKnownFileType = sourcecode.swift; path = RoomNormalizer.swift; sourceTree = "<group>"; };
		E8A1B2C31ED2DC5600515811 /* RoomUsdzViewerViewController.swift */ = {isa = PBXFileReference; fileEncoding = 4; lastKnownFileType = sourcecode.swift; path = RoomUsdzViewerViewController.swift; sourceTree = "<group>"; };
		E8A1B2D01ED2DC5600515812 /* RoomScanBoundsPlugin.swift */ = {isa = PBXFileReference; fileEncoding = 4; lastKnownFileType = sourcecode.swift; path = RoomScanBoundsPlugin.swift; sourceTree = "<group>"; };
		E8A1B2E01ED2DC5600515813 /* RoomScanMetricsComputer.swift */ = {isa = PBXFileReference; fileEncoding = 4; lastKnownFileType = sourcecode.swift; path = RoomScanMetricsComputer.swift; sourceTree = "<group>"; };
		E8A1B2F01ED2DC5600515814 /* FloorPlanModel.swift */ = {isa = PBXFileReference; fileEncoding = 4; lastKnownFileType = sourcecode.swift; path = FloorPlanModel.swift; sourceTree = "<group>"; };
		E8A1B2F31ED2DC5600515815 /* FloorPlanProjectionService.swift */ = {isa = PBXFileReference; fileEncoding = 4; lastKnownFileType = sourcecode.swift; path = FloorPlanProjectionService.swift; sourceTree = "<group>"; };
		E8A1B2F51ED2DC5600515816 /* FloorPlanRenderers.swift */ = {isa = PBXFileReference; fileEncoding = 4; lastKnownFileType = sourcecode.swift; path = FloorPlanRenderers.swift; sourceTree = "<group>"; };
		E8A1B2F71ED2DC5600515817 /* FloorPlanCanvas.swift */ = {isa = PBXFileReference; fileEncoding = 4; lastKnownFileType = sourcecode.swift; path = FloorPlanCanvas.swift; sourceTree = "<group>"; };
		E8A1B2F91ED2DC5600515818 /* FloorPlanTab.swift */ = {isa = PBXFileReference; fileEncoding = 4; lastKnownFileType = sourcecode.swift; path = FloorPlanTab.swift; sourceTree = "<group>"; };
		E8A1B3021ED2DC560051581A /* FloorPlanAlignmentService.swift */ = {isa = PBXFileReference; fileEncoding = 4; lastKnownFileType = sourcecode.swift; path = FloorPlanAlignmentService.swift; sourceTree = "<group>"; };
		E8A1B3041ED2DC560051581C /* EditableFloorPlanModel.swift */ = {isa = PBXFileReference; fileEncoding = 4; lastKnownFileType = sourcecode.swift; path = EditableFloorPlanModel.swift; sourceTree = "<group>"; };
		E8A1B3061ED2DC560051581E /* RoomPlanToEditableModelMapper.swift */ = {isa = PBXFileReference; fileEncoding = 4; lastKnownFileType = sourcecode.swift; path = RoomPlanToEditableModelMapper.swift; sourceTree = "<group>"; };
		E8A1B3081ED2DC5600515820 /* EditableFloorPlanAlignService.swift */ = {isa = PBXFileReference; fileEncoding = 4; lastKnownFileType = sourcecode.swift; path = EditableFloorPlanAlignService.swift; sourceTree = "<group>"; };
		E8A1B30A1ED2DC5600515822 /* DimensionLineService.swift */ = {isa = PBXFileReference; fileEncoding = 4; lastKnownFileType = sourcecode.swift; path = DimensionLineService.swift; sourceTree = "<group>"; };
		E8A1B30C1ED2DC5600515824 /* FloorPlanResizeService.swift */ = {isa = PBXFileReference; fileEncoding = 4; lastKnownFileType = sourcecode.swift; path = FloorPlanResizeService.swift; sourceTree = "<group>"; };
		E8A1B30E1ED2DC5600515826 /* EditableFloorPlanProjector.swift */ = {isa = PBXFileReference; fileEncoding = 4; lastKnownFileType = sourcecode.swift; path = EditableFloorPlanProjector.swift; sourceTree = "<group>"; };
		E8A1B3101ED2DC5600515828 /* FloorPlanStateManager.swift */ = {isa = PBXFileReference; fileEncoding = 4; lastKnownFileType = sourcecode.swift; path = FloorPlanStateManager.swift; sourceTree = "<group>"; };
		E8A1B3121ED2DC560051582A /* Scene3DRegenerationService.swift */ = {isa = PBXFileReference; fileEncoding = 4; lastKnownFileType = sourcecode.swift; path = Scene3DRegenerationService.swift; sourceTree = "<group>"; };
		E8A1B3141ED2DC560051582C /* DimensionEditController.swift */ = {isa = PBXFileReference; fileEncoding = 4; lastKnownFileType = sourcecode.swift; path = DimensionEditController.swift; sourceTree = "<group>"; };
		E8A1B3161ED2DC560051582E /* FloorPlanResizeServiceTests.swift */ = {isa = PBXFileReference; fileEncoding = 4; lastKnownFileType = sourcecode.swift; path = FloorPlanResizeServiceTests.swift; sourceTree = "<group>"; };
		E8A1B31A1ED2DC5600515832 /* RoomScanOrientationCapture.swift */ = {isa = PBXFileReference; fileEncoding = 4; lastKnownFileType = sourcecode.swift; path = RoomScanOrientationCapture.swift; sourceTree = "<group>"; };
		E8A1B31C1ED2DC5600515834 /* FloorPlanNorthOrientation.swift */ = {isa = PBXFileReference; fileEncoding = 4; lastKnownFileType = sourcecode.swift; path = FloorPlanNorthOrientation.swift; sourceTree = "<group>"; };
		E8A1B31E1ED2DC5600515836 /* CompassOrientationEditController.swift */ = {isa = PBXFileReference; fileEncoding = 4; lastKnownFileType = sourcecode.swift; path = CompassOrientationEditController.swift; sourceTree = "<group>"; };
		E8A1B3221ED2DC5600515842 /* SunPositionMath.swift */ = {isa = PBXFileReference; fileEncoding = 4; lastKnownFileType = sourcecode.swift; path = SunPositionMath.swift; sourceTree = "<group>"; };
		E8A1B3241ED2DC5600515844 /* SunSimulationController.swift */ = {isa = PBXFileReference; fileEncoding = 4; lastKnownFileType = sourcecode.swift; path = SunSimulationController.swift; sourceTree = "<group>"; };
		E8A1B3261ED2DC5600515846 /* SunSimulationPanel.swift */ = {isa = PBXFileReference; fileEncoding = 4; lastKnownFileType = sourcecode.swift; path = SunSimulationPanel.swift; sourceTree = "<group>"; };
		E8A1B3281ED2DC5600515848 /* SunCompassOverlayView.swift */ = {isa = PBXFileReference; fileEncoding = 4; lastKnownFileType = sourcecode.swift; path = SunCompassOverlayView.swift; sourceTree = "<group>"; };
		E8A1B32A1ED2DC560051584A /* ScanCeilingService.swift */ = {isa = PBXFileReference; fileEncoding = 4; lastKnownFileType = sourcecode.swift; path = ScanCeilingService.swift; sourceTree = "<group>"; };
		E8A1B32C1ED2DC560051584C /* CompassScreenProjection.swift */ = {isa = PBXFileReference; fileEncoding = 4; lastKnownFileType = sourcecode.swift; path = CompassScreenProjection.swift; sourceTree = "<group>"; };
		E8A1B32E1ED2DC560051584E /* CompassOrientationAdjustPanel.swift */ = {isa = PBXFileReference; fileEncoding = 4; lastKnownFileType = sourcecode.swift; path = CompassOrientationAdjustPanel.swift; sourceTree = "<group>"; };
		E8A1B3411ED2DC5600515861 /* SunClockOverlayView.swift */ = {isa = PBXFileReference; fileEncoding = 4; lastKnownFileType = sourcecode.swift; path = SunClockOverlayView.swift; sourceTree = "<group>"; };
		E8A1B3411ED2DC5600515902 /* SolarPosition.swift */ = {isa = PBXFileReference; fileEncoding = 4; lastKnownFileType = sourcecode.swift; path = SolarPosition.swift; sourceTree = "<group>"; };
		EB72B5E148A2CFD128CBC875 /* ScanUploadResult.swift */ = {isa = PBXFileReference; includeInIndex = 1; lastKnownFileType = sourcecode.swift; path = ScanUploadResult.swift; sourceTree = "<group>"; };
		EC8A871ED3C058F9A6975DEB /* Localizable.xcstrings */ = {isa = PBXFileReference; includeInIndex = 1; path = Localizable.xcstrings; sourceTree = "<group>"; };
		ECD101C76EEBDE81BCA3095D /* UyDoshAppClipApp.swift */ = {isa = PBXFileReference; includeInIndex = 1; lastKnownFileType = sourcecode.swift; path = UyDoshAppClipApp.swift; sourceTree = "<group>"; };
		F1A2B3C4D5E60718293A4B61 /* en */ = {isa = PBXFileReference; lastKnownFileType = text.plist.strings; name = en; path = en.lproj/Localizable.strings; sourceTree = "<group>"; };
		F1A2B3C4D5E60718293A4B62 /* ru */ = {isa = PBXFileReference; lastKnownFileType = text.plist.strings; name = ru; path = ru.lproj/Localizable.strings; sourceTree = "<group>"; };
		F1A2B3C4D5E60718293A4B63 /* uz */ = {isa = PBXFileReference; lastKnownFileType = text.plist.strings; name = uz; path = uz.lproj/Localizable.strings; sourceTree = "<group>"; };
		F1A2B3C4D5E60718293A4B71 /* en */ = {isa = PBXFileReference; lastKnownFileType = text.plist.strings; name = en; path = en.lproj/InfoPlist.strings; sourceTree = "<group>"; };
		F1A2B3C4D5E60718293A4B72 /* ru */ = {isa = PBXFileReference; lastKnownFileType = text.plist.strings; name = ru; path = ru.lproj/InfoPlist.strings; sourceTree = "<group>"; };
		F1A2B3C4D5E60718293A4B73 /* uz */ = {isa = PBXFileReference; lastKnownFileType = text.plist.strings; name = uz; path = uz.lproj/InfoPlist.strings; sourceTree = "<group>"; };
		F64C0DB825EB3F49D0CCE996 /* UyDoshAppClipApp.swift */ = {isa = PBXFileReference; includeInIndex = 1; lastKnownFileType = sourcecode.swift; path = UyDoshAppClipApp.swift; sourceTree = "<group>"; };
		FA5A2E99FE3FBDA654585557 /* RoomPlanSupport.swift */ = {isa = PBXFileReference; includeInIndex = 1; lastKnownFileType = sourcecode.swift; path = RoomPlanSupport.swift; sourceTree = "<group>"; };
		FB38F3357E6B6BB8C56AF8F5 /* ScanSuccessView.swift */ = {isa = PBXFileReference; includeInIndex = 1; lastKnownFileType = sourcecode.swift; path = ScanSuccessView.swift; sourceTree = "<group>"; };
/* End PBXFileReference section */

/* Begin PBXFrameworksBuildPhase section */
		6D657FC7CE54F0FDE13B5806 /* Frameworks */ = {
			isa = PBXFrameworksBuildPhase;
			buildActionMask = 2147483647;
			files = (
				AE0DE0851066E716A1EDDA1A /* Foundation.framework in Frameworks */,
			);
			runOnlyForDeploymentPostprocessing = 0;
		};
		97C146EB1CF9000F007C117D /* Frameworks */ = {
			isa = PBXFrameworksBuildPhase;
			buildActionMask = 2147483647;
			files = (
				35A292706E2E87AAD18C919D /* Pods_Runner.framework in Frameworks */,
			);
			runOnlyForDeploymentPostprocessing = 0;
		};
		C2DEB8F324CD10E3674DD200 /* Frameworks */ = {
			isa = PBXFrameworksBuildPhase;
			buildActionMask = 2147483647;
			files = (
				3FB9C49759262A68ECC2EAB1 /* Pods_RunnerTests.framework in Frameworks */,
			);
			runOnlyForDeploymentPostprocessing = 0;
		};
/* End PBXFrameworksBuildPhase section */

/* Begin PBXGroup section */
		2D0509AF6B235146B736008D /* AppClipCore */ = {
			isa = PBXGroup;
			children = (
				69CE1D779D7ACED4C99A53FF /* AppClipConfig.swift */,
				9EE6A49240B3599E9448884F /* ScanInvocation.swift */,
			);
			name = AppClipCore;
			path = AppClipCore;
			sourceTree = "<group>";
		};
		2DC50ECBD1C356C1B5788637 /* Pods */ = {
			isa = PBXGroup;
			children = (
				0A18A3A7F07D0FA29AA68066 /* Pods-Runner.debug.xcconfig */,
				6FB991721B08E71922F358B5 /* Pods-Runner.release.xcconfig */,
				8C054B8545E4B908B611414E /* Pods-Runner.profile.xcconfig */,
				7C12674D682E550DE91A8C41 /* Pods-RunnerTests.debug.xcconfig */,
				C421C8AF8E9A70E1BDB0DC3B /* Pods-RunnerTests.release.xcconfig */,
				B9C5B12B3123CEEF5420166E /* Pods-RunnerTests.profile.xcconfig */,
			);
			path = Pods;
			sourceTree = "<group>";
		};
		331C8082294A63A400263BE5 /* RunnerTests */ = {
			isa = PBXGroup;
			children = (
				331C807B294A618700263BE5 /* RunnerTests.swift */,
				E8A1B3161ED2DC560051582E /* FloorPlanResizeServiceTests.swift */,
			);
			path = RunnerTests;
			sourceTree = "<group>";
		};
		525CF98EE8EEAF9E2DC305D6 /* UyDoshAppClip */ = {
			isa = PBXGroup;
			children = (
				3F79964D1ECCA6555CE95FAD /* AppClipRouter.swift */,
				9696DD1265F43AA55BB205E5 /* Assets.xcassets */,
				570C753921F9C5655BBB7561 /* Info.plist */,
				7DCD43A35D1F3260DFAE6617 /* InfoPlist.xcstrings */,
				EC8A871ED3C058F9A6975DEB /* Localizable.xcstrings */,
				97B1E4ABCB93745153579DAF /* UyDoshAppClip.entitlements */,
				F64C0DB825EB3F49D0CCE996 /* UyDoshAppClipApp.swift */,
				BE4ECB7504BDDC8C0464F4F2 /* Views */,
			);
			name = UyDoshAppClip;
			path = UyDoshAppClip;
			sourceTree = "<group>";
		};
		5D53CF070CD5F1EC48DA8B3D /* iOS */ = {
			isa = PBXGroup;
			children = (
				B233F1ADCACC36C3D12B899A /* Foundation.framework */,
			);
			name = iOS;
			sourceTree = "<group>";
		};
		67923B59E77B18B9949139DC /* RoomScanner */ = {
			isa = PBXGroup;
			children = (
				392B9DE09AAD8D824701B59C /* RoomExporter.swift */,
				AB1FC98B58824E7FA112F37E /* RoomNormalizer.swift */,
				FA5A2E99FE3FBDA654585557 /* RoomPlanSupport.swift */,
				6C4123123B2F6B17D1BBAD73 /* RoomScanArtifacts.swift */,
				AADE55D5E5B3D4CACD5D78F3 /* RoomScanCoordinator.swift */,
			);
			name = RoomScanner;
			path = RoomScanner;
			sourceTree = "<group>";
		};
		806CE283A42541DB15A287B0 /* Models */ = {
			isa = PBXGroup;
			children = (
				D8855C35F5BA4A4A0186D1CB /* NormalizedRoom.swift */,
				01C9B512B29BF12061170892 /* ScanSession.swift */,
				D50DE2D07050C808A6857254 /* ScanUploadResult.swift */,
			);
			name = Models;
			path = Models;
			sourceTree = "<group>";
		};
		92C24096E40B17F74ACD3102 /* Frameworks */ = {
			isa = PBXGroup;
			children = (
				E6932E02C351A9D9008BDD07 /* Pods_Runner.framework */,
				BEDDC6E8D184C1255ECBEAC0 /* Pods_RunnerTests.framework */,
				5D53CF070CD5F1EC48DA8B3D /* iOS */,
			);
			name = Frameworks;
			sourceTree = "<group>";
		};
		9696DD1265F43AA55BB205E5 /* Assets.xcassets */ = {
			isa = PBXGroup;
			children = (
				982AE6C543A5F56E7177773B /* AppIcon.appiconset */,
			);
			name = Assets.xcassets;
			path = Assets.xcassets;
			sourceTree = "<group>";
		};
		9740EEB11CF90186004384FC /* Flutter */ = {
			isa = PBXGroup;
			children = (
				3B3967151E833CAA004F5970 /* AppFrameworkInfo.plist */,
				9740EEB21CF90195004384FC /* Debug.xcconfig */,
				7AFA3C8E1D35360C0083082E /* Release.xcconfig */,
				9740EEB31CF90195004384FC /* Generated.xcconfig */,
			);
			name = Flutter;
			sourceTree = "<group>";
		};
		97C146E51CF9000F007C117D = {
			isa = PBXGroup;
			children = (
				9740EEB11CF90186004384FC /* Flutter */,
				97C146F01CF9000F007C117D /* Runner */,
				97C146EF1CF9000F007C117D /* Products */,
				331C8082294A63A400263BE5 /* RunnerTests */,
				2DC50ECBD1C356C1B5788637 /* Pods */,
				92C24096E40B17F74ACD3102 /* Frameworks */,
				B173216A7ADD0CD50A80E83F /* Shared */,
				525CF98EE8EEAF9E2DC305D6 /* UyDoshAppClip */,
			);
			sourceTree = "<group>";
		};
		97C146EF1CF9000F007C117D /* Products */ = {
			isa = PBXGroup;
			children = (
				97C146EE1CF9000F007C117D /* Runner.app */,
				331C8081294A63A400263BE5 /* RunnerTests.xctest */,
				78D5760D51294487E5A233CA /* UyDoshAppClip.app */,
			);
			name = Products;
			sourceTree = "<group>";
		};
		97C146F01CF9000F007C117D /* Runner */ = {
			isa = PBXGroup;
			children = (
				51AF6FB12F4BDD8100369D93 /* Runner.entitlements */,
				51AF6FB22F4BDD8100369D94 /* RunnerDebug.entitlements */,
				97C146FA1CF9000F007C117D /* Main.storyboard */,
				97C146FD1CF9000F007C117D /* Assets.xcassets */,
				97C146FF1CF9000F007C117D /* LaunchScreen.storyboard */,
				97C147021CF9000F007C117D /* Info.plist */,
				6A2F5E6F2EFB000100000001 /* PrivacyInfo.xcprivacy */,
				1498D2321E8E86230040F4C2 /* GeneratedPluginRegistrant.h */,
				1498D2331E8E89220040F4C2 /* GeneratedPluginRegistrant.m */,
				74858FAE1ED2DC5600515810 /* AppDelegate.swift */,
				E8A1B2C31ED2DC5600515811 /* RoomUsdzViewerViewController.swift */,
				E8A1B2D01ED2DC5600515812 /* RoomScanBoundsPlugin.swift */,
				E8A1B2E01ED2DC5600515813 /* RoomScanMetricsComputer.swift */,
				E8A1B31A1ED2DC5600515832 /* RoomScanOrientationCapture.swift */,
				E8A1B2F01ED2DC5600515814 /* FloorPlanModel.swift */,
				E8A1B2F31ED2DC5600515815 /* FloorPlanProjectionService.swift */,
				E8A1B2F51ED2DC5600515816 /* FloorPlanRenderers.swift */,
				E8A1B2F71ED2DC5600515817 /* FloorPlanCanvas.swift */,
				E8A1B2F91ED2DC5600515818 /* FloorPlanTab.swift */,
				E8A1B3021ED2DC560051581A /* FloorPlanAlignmentService.swift */,
				E8A1B3041ED2DC560051581C /* EditableFloorPlanModel.swift */,
				E8A1B3061ED2DC560051581E /* RoomPlanToEditableModelMapper.swift */,
				E8A1B3081ED2DC5600515820 /* EditableFloorPlanAlignService.swift */,
				E8A1B30A1ED2DC5600515822 /* DimensionLineService.swift */,
				E8A1B30C1ED2DC5600515824 /* FloorPlanResizeService.swift */,
				E8A1B30E1ED2DC5600515826 /* EditableFloorPlanProjector.swift */,
				E8A1B3101ED2DC5600515828 /* FloorPlanStateManager.swift */,
				E8A1B3121ED2DC560051582A /* Scene3DRegenerationService.swift */,
				E8A1B3141ED2DC560051582C /* DimensionEditController.swift */,
				E8A1B31C1ED2DC5600515834 /* FloorPlanNorthOrientation.swift */,
				E8A1B31E1ED2DC5600515836 /* CompassOrientationEditController.swift */,
				E8A1B32E1ED2DC560051584E /* CompassOrientationAdjustPanel.swift */,
				E8A1B3221ED2DC5600515842 /* SunPositionMath.swift */,
				E8A1B3411ED2DC5600515902 /* SolarPosition.swift */,
				E8A1B3241ED2DC5600515844 /* SunSimulationController.swift */,
				E8A1B3261ED2DC5600515846 /* SunSimulationPanel.swift */,
				E8A1B3281ED2DC5600515848 /* SunCompassOverlayView.swift */,
				E8A1B3411ED2DC5600515861 /* SunClockOverlayView.swift */,
				E8A1B32C1ED2DC560051584C /* CompassScreenProjection.swift */,
				E8A1B32A1ED2DC560051584A /* ScanCeilingService.swift */,
				74858FAD1ED2DC5600515810 /* Runner-Bridging-Header.h */,
				513B63CE2E54A9C400D89774 /* Podfile.lock */,
				513B63D02E54B0A200D89774 /* GoogleService-Info.plist */,
				F1A2B3C4D5E60718293A4B60 /* Localizable.strings */,
				F1A2B3C4D5E60718293A4B70 /* InfoPlist.strings */,
			);
			path = Runner;
			sourceTree = "<group>";
		};
		982AE6C543A5F56E7177773B /* AppIcon.appiconset */ = {
			isa = PBXGroup;
			children = (
			);
			name = AppIcon.appiconset;
			path = AppIcon.appiconset;
			sourceTree = "<group>";
		};
		9EDA57F90FA26FEDE787FE7B /* AppIcon.appiconset */ = {
			isa = PBXGroup;
			children = (
			);
			name = AppIcon.appiconset;
			path = AppIcon.appiconset;
			sourceTree = "<group>";
		};
		A99BB7770E8BF18833683A1D /* API */ = {
			isa = PBXGroup;
			children = (
				21A665345D8F5EE2403B4ADE /* APIClient.swift */,
				A0E9774DB927150182C6C8E6 /* ScanSessionAPI.swift */,
				532A5DC500DE0BE3C8A97D10 /* UploadService.swift */,
			);
			name = API;
			path = API;
			sourceTree = "<group>";
		};
		B173216A7ADD0CD50A80E83F /* Shared */ = {
			isa = PBXGroup;
			children = (
				A99BB7770E8BF18833683A1D /* API */,
				2D0509AF6B235146B736008D /* AppClipCore */,
				806CE283A42541DB15A287B0 /* Models */,
				67923B59E77B18B9949139DC /* RoomScanner */,
			);
			name = Shared;
			path = Shared;
			sourceTree = "<group>";
		};
		BE4ECB7504BDDC8C0464F4F2 /* Views */ = {
			isa = PBXGroup;
			children = (
				9D82CDB41BC6F1B15B1661E9 /* RootView.swift */,
				143C47DE3809BD3E0712BE65 /* ScanErrorView.swift */,
				E12B7CC56B7FC7DD334561CC /* ScanIntroView.swift */,
				A42C4BE5E59E00EAA3D655EC /* ScanReviewView.swift */,
				FB38F3357E6B6BB8C56AF8F5 /* ScanSuccessView.swift */,
				581A764381D4EAC37E064CAB /* ScanView.swift */,
				277069E338C2BEC4D834CF39 /* UploadProgressView.swift */,
			);
			name = Views;
			path = Views;
			sourceTree = "<group>";
		};
/* End PBXGroup section */

/* Begin PBXNativeTarget section */
		331C8080294A63A400263BE5 /* RunnerTests */ = {
			isa = PBXNativeTarget;
			buildConfigurationList = 331C8087294A63A400263BE5 /* Build configuration list for PBXNativeTarget "RunnerTests" */;
			buildPhases = (
				86F71F47C5F39776304AA8DE /* [CP] Check Pods Manifest.lock */,
				331C807D294A63A400263BE5 /* Sources */,
				331C807F294A63A400263BE5 /* Resources */,
				C2DEB8F324CD10E3674DD200 /* Frameworks */,
			);
			buildRules = (
			);
			dependencies = (
				331C8086294A63A400263BE5 /* PBXTargetDependency */,
			);
			name = RunnerTests;
			productName = RunnerTests;
			productReference = 331C8081294A63A400263BE5 /* RunnerTests.xctest */;
			productType = "com.apple.product-type.bundle.unit-test";
		};
		97C146ED1CF9000F007C117D /* Runner */ = {
			isa = PBXNativeTarget;
			buildConfigurationList = 97C147051CF9000F007C117D /* Build configuration list for PBXNativeTarget "Runner" */;
			buildPhases = (
				B44B0D02A7D0B786294ED9E0 /* [CP] Check Pods Manifest.lock */,
				9740EEB61CF901F6004384FC /* Run Script */,
				97C146EA1CF9000F007C117D /* Sources */,
				97C146EB1CF9000F007C117D /* Frameworks */,
				97C146EC1CF9000F007C117D /* Resources */,
				9705A1C41CF9048500538489 /* Embed Frameworks */,
				3B06AD1E1E4923F5004D2608 /* Thin Binary */,
				A1B2C3D4E5F60718293A4B5C /* Code Sign Embedded Frameworks */,
				51FBCA57FB000002DE070001 /* Generate Missing dSYMs */,
				51FBCA57FB000001C0DE0001 /* FirebaseCrashlytics */,
				2F8FB5130E1A83BDFEDD62DB /* FlutterFire: "flutterfire upload-crashlytics-symbols" */,
				B2F6ACB43AB0463273E23570 /* [CP] Embed Pods Frameworks */,
				8D1634462E1D2285B4EA3B1B /* [CP] Copy Pods Resources */,
			);
			buildRules = (
			);
			dependencies = (
			);
			name = Runner;
			productName = Runner;
			productReference = 97C146EE1CF9000F007C117D /* Runner.app */;
			productType = "com.apple.product-type.application";
		};
		AEB06EDFDE50EE25C043F291 /* UyDoshAppClip */ = {
			isa = PBXNativeTarget;
			buildConfigurationList = 2315EE6DC71994BAB82C28E1 /* Build configuration list for PBXNativeTarget "UyDoshAppClip" */;
			buildPhases = (
				12C8AB3CADD463E4F7AFBB2F /* Sources */,
				6D657FC7CE54F0FDE13B5806 /* Frameworks */,
				AFC15666846F16717069A7FE /* Resources */,
			);
			buildRules = (
			);
			dependencies = (
			);
			name = UyDoshAppClip;
			productName = UyDoshAppClip;
			productReference = 78D5760D51294487E5A233CA /* UyDoshAppClip.app */;
			productType = "com.apple.product-type.application.on-demand-install-capable";
		};
/* End PBXNativeTarget section */

/* Begin PBXProject section */
		97C146E61CF9000F007C117D /* Project object */ = {
			isa = PBXProject;
			attributes = {
				BuildIndependentTargetsInParallel = YES;
				LastUpgradeCheck = 1510;
				ORGANIZATIONNAME = "";
				TargetAttributes = {
					331C8080294A63A400263BE5 = {
						CreatedOnToolsVersion = 14.0;
						TestTargetID = 97C146ED1CF9000F007C117D;
					};
					97C146ED1CF9000F007C117D = {
						CreatedOnToolsVersion = 7.3.1;
						LastSwiftMigration = 1100;
					};
				};
			};
			buildConfigurationList = 97C146E91CF9000F007C117D /* Build configuration list for PBXProject "Runner" */;
			compatibilityVersion = "Xcode 9.3";
			developmentRegion = en;
			hasScannedForEncodings = 0;
			knownRegions = (
				en,
				Base,
				ru,
				uz,
			);
			mainGroup = 97C146E51CF9000F007C117D;
			productRefGroup = 97C146EF1CF9000F007C117D /* Products */;
			projectDirPath = "";
			projectRoot = "";
			targets = (
				97C146ED1CF9000F007C117D /* Runner */,
				331C8080294A63A400263BE5 /* RunnerTests */,
				AEB06EDFDE50EE25C043F291 /* UyDoshAppClip */,
			);
		};
/* End PBXProject section */

/* Begin PBXResourcesBuildPhase section */
		331C807F294A63A400263BE5 /* Resources */ = {
			isa = PBXResourcesBuildPhase;
			buildActionMask = 2147483647;
			files = (
			);
			runOnlyForDeploymentPostprocessing = 0;
		};
		97C146EC1CF9000F007C117D /* Resources */ = {
			isa = PBXResourcesBuildPhase;
			buildActionMask = 2147483647;
			files = (
				97C147011CF9000F007C117D /* LaunchScreen.storyboard in Resources */,
				3B3967161E833CAA004F5970 /* AppFrameworkInfo.plist in Resources */,
				513B63CF2E54A9C400D89774 /* Podfile.lock in Resources */,
				97C146FE1CF9000F007C117D /* Assets.xcassets in Resources */,
				97C146FC1CF9000F007C117D /* Main.storyboard in Resources */,
				513B63D12E54B0A200D89774 /* GoogleService-Info.plist in Resources */,
				6A2F5E702EFB000100000001 /* PrivacyInfo.xcprivacy in Resources */,
				F1A2B3C4D5E60718293A4B64 /* Localizable.strings in Resources */,
				F1A2B3C4D5E60718293A4B75 /* InfoPlist.strings in Resources */,
			);
			runOnlyForDeploymentPostprocessing = 0;
		};
		AFC15666846F16717069A7FE /* Resources */ = {
			isa = PBXResourcesBuildPhase;
			buildActionMask = 2147483647;
			files = (
				B4395C9592B80E5F6548AAD7 /* InfoPlist.xcstrings in Resources */,
				D0A7D0C569F91169764E3D8F /* Localizable.xcstrings in Resources */,
			);
			runOnlyForDeploymentPostprocessing = 0;
		};
/* End PBXResourcesBuildPhase section */

/* Begin PBXShellScriptBuildPhase section */
		2F8FB5130E1A83BDFEDD62DB /* FlutterFire: "flutterfire upload-crashlytics-symbols" */ = {
			isa = PBXShellScriptBuildPhase;
			buildActionMask = 2147483647;
			files = (
			);
			inputFileListPaths = (
			);
			inputPaths = (
			);
			name = "FlutterFire: \"flutterfire upload-crashlytics-symbols\"";
			outputFileListPaths = (
			);
			outputPaths = (
			);
			runOnlyForDeploymentPostprocessing = 0;
			shellPath = /bin/sh;
			shellScript = "\n#!/bin/bash\nPATH=\"${PATH}:$FLUTTER_ROOT/bin:${PUB_CACHE}/bin:$HOME/.pub-cache/bin\"\n\nif [ -z \"$PODS_ROOT\" ] || [ ! -d \"$PODS_ROOT/FirebaseCrashlytics\" ]; then\n  # Cannot use \"BUILD_DIR%/Build/*\" as per Firebase documentation, it points to \"flutter-project/build/ios/*\" path which doesn't have run script\n  DERIVED_DATA_PATH=$(echo \"$BUILD_ROOT\" | sed -E 's|(.*DerivedData/[^/]+).*|\\1|')\n  PATH_TO_CRASHLYTICS_UPLOAD_SCRIPT=\"${DERIVED_DATA_PATH}/SourcePackages/checkouts/firebase-ios-sdk/Crashlytics/run\"\nelse\n  PATH_TO_CRASHLYTICS_UPLOAD_SCRIPT=\"$PODS_ROOT/FirebaseCrashlytics/run\"\nfi\n\n# Command to upload symbols script used to upload symbols to Firebase server\nflutterfire upload-crashlytics-symbols --upload-symbols-script-path=\"$PATH_TO_CRASHLYTICS_UPLOAD_SCRIPT\" --platform=ios --apple-project-path=\"${SRCROOT}\" --env-platform-name=\"${PLATFORM_NAME}\" --env-configuration=\"${CONFIGURATION}\" --env-project-dir=\"${PROJECT_DIR}\" --env-built-products-dir=\"${BUILT_PRODUCTS_DIR}\" --env-dwarf-dsym-folder-path=\"${DWARF_DSYM_FOLDER_PATH}\" --env-dwarf-dsym-file-name=\"${DWARF_DSYM_FILE_NAME}\" --env-infoplist-path=\"${INFOPLIST_PATH}\" --default-config=default\n";
		};
		3B06AD1E1E4923F5004D2608 /* Thin Binary */ = {
			isa = PBXShellScriptBuildPhase;
			alwaysOutOfDate = 1;
			buildActionMask = 2147483647;
			files = (
			);
			inputPaths = (
				"${TARGET_BUILD_DIR}/${INFOPLIST_PATH}",
			);
			name = "Thin Binary";
			outputPaths = (
			);
			runOnlyForDeploymentPostprocessing = 0;
			shellPath = /bin/sh;
			shellScript = "/bin/sh \"$FLUTTER_ROOT/packages/flutter_tools/bin/xcode_backend.sh\" embed_and_thin";
		};
		51FBCA57FB000001C0DE0001 /* FirebaseCrashlytics */ = {
			isa = PBXShellScriptBuildPhase;
			alwaysOutOfDate = 1;
			buildActionMask = 2147483647;
			files = (
			);
			inputPaths = (
				"${DWARF_DSYM_FOLDER_PATH}/${DWARF_DSYM_FILE_NAME}/Contents/Resources/DWARF/${TARGET_NAME}",
				"$(SRCROOT)/$(BUILT_PRODUCTS_DIR)/$(INFOPLIST_PATH)",
				"${DWARF_DSYM_FOLDER_PATH}/${DWARF_DSYM_FILE_NAME}",
				"$(TARGET_BUILD_DIR)/$(EXECUTABLE_PATH)",
				"$(PROJECT_DIR)/firebase_app_id_file.json",
				"$(PROJECT_DIR)/Runner/GoogleService-Info.plist",
			);
			name = FirebaseCrashlytics;
			outputPaths = (
			);
			runOnlyForDeploymentPostprocessing = 0;
			shellPath = /bin/sh;
			shellScript = "\"${PODS_ROOT}/FirebaseCrashlytics/run\"\n";
		};
		51FBCA57FB000002DE070001 /* Generate Missing dSYMs */ = {
			isa = PBXShellScriptBuildPhase;
			alwaysOutOfDate = 1;
			buildActionMask = 2147483647;
			files = (
			);
			inputPaths = (
			);
			name = "Generate Missing dSYMs";
			outputPaths = (
			);
			runOnlyForDeploymentPostprocessing = 0;
			shellPath = /bin/sh;
			shellScript = "# Generate stub dSYMs for any embedded framework that is missing one.\n# Works around Flutter native-assets (e.g. objective_c.framework) shipping\n# stripped prebuilt binaries without dSYMs, which causes App Store Connect to\n# emit \"symbols were not loaded\" warnings during TestFlight/App Store processing.\n# The stubs have matching UUIDs so Apple's validator is satisfied. They don't\n# add real symbolication (the upstream binary has no debug info to begin with).\n\nset -u\n\nif [ \"${DEBUG_INFORMATION_FORMAT:-}\" != \"dwarf-with-dsym\" ]; then\n    echo \"note: Skipping stub dSYM generation (DEBUG_INFORMATION_FORMAT=${DEBUG_INFORMATION_FORMAT:-unset}).\"\n    exit 0\nfi\n\nFRAMEWORKS_DIR=\"${TARGET_BUILD_DIR}/${FRAMEWORKS_FOLDER_PATH}\"\nDSYM_DIR=\"${DWARF_DSYM_FOLDER_PATH}\"\n\nif [ ! -d \"$FRAMEWORKS_DIR\" ]; then\n    echo \"note: No Frameworks directory at $FRAMEWORKS_DIR; skipping.\"\n    exit 0\nfi\n\nmkdir -p \"$DSYM_DIR\"\n\nmake_stub_dsym() {\n    local bin=\"$1\"\n    local dsym=\"$2\"\n    local fw_name=\"$3\"\n    mkdir -p \"$dsym/Contents/Resources/DWARF\"\n    cat > \"$dsym/Contents/Info.plist\" <<PLIST\n<?xml version=\"1.0\" encoding=\"UTF-8\"?>\n<!DOCTYPE plist PUBLIC \"-//Apple//DTD PLIST 1.0//EN\" \"http://www.apple.com/DTDs/PropertyList-1.0.dtd\">\n<plist version=\"1.0\">\n<dict>\n\t<key>CFBundleDevelopmentRegion</key><string>English</string>\n\t<key>CFBundleIdentifier</key><string>com.apple.xcode.dsym.${fw_name}</string>\n\t<key>CFBundleInfoDictionaryVersion</key><string>6.0</string>\n\t<key>CFBundlePackageType</key><string>dSYM</string>\n\t<key>CFBundleSignature</key><string>????</string>\n\t<key>CFBundleShortVersionString</key><string>1.0</string>\n\t<key>CFBundleVersion</key><string>1</string>\n</dict>\n</plist>\nPLIST\n    cp \"$bin\" \"$dsym/Contents/Resources/DWARF/$fw_name\"\n}\n\nfor FW in \"$FRAMEWORKS_DIR\"/*.framework; do\n    [ -d \"$FW\" ] || continue\n    FW_NAME=$(basename \"$FW\" .framework)\n    BIN=\"$FW/$FW_NAME\"\n    DSYM=\"$DSYM_DIR/$FW_NAME.framework.dSYM\"\n    if [ -f \"$BIN\" ] && [ ! -d \"$DSYM\" ]; then\n        echo \"note: Generating stub dSYM for $FW_NAME.framework\"\n        make_stub_dsym \"$BIN\" \"$DSYM\" \"$FW_NAME\"\n    fi\ndone\n";
		};
		86F71F47C5F39776304AA8DE /* [CP] Check Pods Manifest.lock */ = {
			isa = PBXShellScriptBuildPhase;
			buildActionMask = 2147483647;
			files = (
			);
			inputFileListPaths = (
			);
			inputPaths = (
				"${PODS_PODFILE_DIR_PATH}/Podfile.lock",
				"${PODS_ROOT}/Manifest.lock",
			);
			name = "[CP] Check Pods Manifest.lock";
			outputFileListPaths = (
			);
			outputPaths = (
				"$(DERIVED_FILE_DIR)/Pods-RunnerTests-checkManifestLockResult.txt",
			);
			runOnlyForDeploymentPostprocessing = 0;
			shellPath = /bin/sh;
			shellScript = "diff \"${PODS_PODFILE_DIR_PATH}/Podfile.lock\" \"${PODS_ROOT}/Manifest.lock\" > /dev/null\nif [ $? != 0 ] ; then\n    # print error to STDERR\n    echo \"error: The sandbox is not in sync with the Podfile.lock. Run 'pod install' or update your CocoaPods installation.\" >&2\n    exit 1\nfi\n# This output is used by Xcode 'outputs' to avoid re-running this script phase.\necho \"SUCCESS\" > \"${SCRIPT_OUTPUT_FILE_0}\"\n";
			showEnvVarsInLog = 0;
		};
		8D1634462E1D2285B4EA3B1B /* [CP] Copy Pods Resources */ = {
			isa = PBXShellScriptBuildPhase;
			buildActionMask = 2147483647;
			files = (
			);
			inputFileListPaths = (
				"${PODS_ROOT}/Target Support Files/Pods-Runner/Pods-Runner-resources-${CONFIGURATION}-input-files.xcfilelist",
			);
			name = "[CP] Copy Pods Resources";
			outputFileListPaths = (
				"${PODS_ROOT}/Target Support Files/Pods-Runner/Pods-Runner-resources-${CONFIGURATION}-output-files.xcfilelist",
			);
			runOnlyForDeploymentPostprocessing = 0;
			shellPath = /bin/sh;
			shellScript = "\"${PODS_ROOT}/Target Support Files/Pods-Runner/Pods-Runner-resources.sh\"\n";
			showEnvVarsInLog = 0;
		};
		9740EEB61CF901F6004384FC /* Run Script */ = {
			isa = PBXShellScriptBuildPhase;
			alwaysOutOfDate = 1;
			buildActionMask = 2147483647;
			files = (
			);
			inputPaths = (
			);
			name = "Run Script";
			outputPaths = (
			);
			runOnlyForDeploymentPostprocessing = 0;
			shellPath = /bin/sh;
			shellScript = "/bin/sh \"$FLUTTER_ROOT/packages/flutter_tools/bin/xcode_backend.sh\" build";
		};
		A1B2C3D4E5F60718293A4B5C /* Code Sign Embedded Frameworks */ = {
			isa = PBXShellScriptBuildPhase;
			alwaysOutOfDate = 1;
			buildActionMask = 2147483647;
			files = (
			);
			inputPaths = (
			);
			name = "Code Sign Embedded Frameworks";
			outputPaths = (
			);
			runOnlyForDeploymentPostprocessing = 0;
			shellPath = /bin/sh;
			shellScript = "set -euo pipefail\n\n# Flutter native-assets (e.g. objective_c.framework) may arrive unsigned or with\n# an invalid signature, which breaks device install with \"invalid signature\".\n# Re-sign anything in Runner.app/Frameworks using the current identity.\n\nFRAMEWORKS_DIR=\"${TARGET_BUILD_DIR}/${FRAMEWORKS_FOLDER_PATH}\"\n\nif [ ! -d \"$FRAMEWORKS_DIR\" ]; then\n  echo \"note: No Frameworks directory at $FRAMEWORKS_DIR; skipping re-sign.\"\n  exit 0\nfi\n\nif [ -z \"${EXPANDED_CODE_SIGN_IDENTITY:-}\" ]; then\n  echo \"warning: EXPANDED_CODE_SIGN_IDENTITY is empty; skipping re-sign.\"\n  exit 0\nfi\n\nfor fw in \"$FRAMEWORKS_DIR\"/*.framework; do\n  [ -d \"$fw\" ] || continue\n  echo \"note: Re-signing embedded framework: $(basename \"$fw\")\"\n  /usr/bin/codesign --force --sign \"${EXPANDED_CODE_SIGN_IDENTITY}\" --timestamp=none --preserve-metadata=identifier,entitlements \"$fw\"\ndone\n";
			showEnvVarsInLog = 0;
		};
		B2F6ACB43AB0463273E23570 /* [CP] Embed Pods Frameworks */ = {
			isa = PBXShellScriptBuildPhase;
			buildActionMask = 2147483647;
			files = (
			);
			inputFileListPaths = (
				"${PODS_ROOT}/Target Support Files/Pods-Runner/Pods-Runner-frameworks-${CONFIGURATION}-input-files.xcfilelist",
			);
			name = "[CP] Embed Pods Frameworks";
			outputFileListPaths = (
				"${PODS_ROOT}/Target Support Files/Pods-Runner/Pods-Runner-frameworks-${CONFIGURATION}-output-files.xcfilelist",
			);
			runOnlyForDeploymentPostprocessing = 0;
			shellPath = /bin/sh;
			shellScript = "\"${PODS_ROOT}/Target Support Files/Pods-Runner/Pods-Runner-frameworks.sh\"\n";
			showEnvVarsInLog = 0;
		};
		B44B0D02A7D0B786294ED9E0 /* [CP] Check Pods Manifest.lock */ = {
			isa = PBXShellScriptBuildPhase;
			buildActionMask = 2147483647;
			files = (
			);
			inputFileListPaths = (
			);
			inputPaths = (
				"${PODS_PODFILE_DIR_PATH}/Podfile.lock",
				"${PODS_ROOT}/Manifest.lock",
			);
			name = "[CP] Check Pods Manifest.lock";
			outputFileListPaths = (
			);
			outputPaths = (
				"$(DERIVED_FILE_DIR)/Pods-Runner-checkManifestLockResult.txt",
			);
			runOnlyForDeploymentPostprocessing = 0;
			shellPath = /bin/sh;
			shellScript = "diff \"${PODS_PODFILE_DIR_PATH}/Podfile.lock\" \"${PODS_ROOT}/Manifest.lock\" > /dev/null\nif [ $? != 0 ] ; then\n    # print error to STDERR\n    echo \"error: The sandbox is not in sync with the Podfile.lock. Run 'pod install' or update your CocoaPods installation.\" >&2\n    exit 1\nfi\n# This output is used by Xcode 'outputs' to avoid re-running this script phase.\necho \"SUCCESS\" > \"${SCRIPT_OUTPUT_FILE_0}\"\n";
			showEnvVarsInLog = 0;
		};
/* End PBXShellScriptBuildPhase section */

/* Begin PBXSourcesBuildPhase section */
		12C8AB3CADD463E4F7AFBB2F /* Sources */ = {
			isa = PBXSourcesBuildPhase;
			buildActionMask = 2147483647;
			files = (
				767FBEC0A6882B3655137DED /* APIClient.swift in Sources */,
				EFCBA4304C8C4AEB7317F2A1 /* ScanSessionAPI.swift in Sources */,
				63505E0CE3A69794BA64358B /* UploadService.swift in Sources */,
				6838C80EAAA3A74C24E3D520 /* AppClipConfig.swift in Sources */,
				7B197167C258AA74B74A00AB /* ScanInvocation.swift in Sources */,
				DB560E9B1BC1E0F8888BC805 /* NormalizedRoom.swift in Sources */,
				0BEB8DCE396EB418FD5C1225 /* ScanSession.swift in Sources */,
				F260D7679F32CE411BAA249C /* ScanUploadResult.swift in Sources */,
				B89B9AC45D1C7349FF3449E2 /* RoomExporter.swift in Sources */,
				1D23206B4590C64CB8D25794 /* RoomNormalizer.swift in Sources */,
				8036EB034498164CE3DC091E /* RoomPlanSupport.swift in Sources */,
				5667DE3767616F5B67CB2D42 /* RoomScanArtifacts.swift in Sources */,
				395A2AAF8687A888F3F30A89 /* RoomScanCoordinator.swift in Sources */,
				06509E789C22A8B90BF81293 /* AppClipRouter.swift in Sources */,
				2AF79C3F3123457BC223B7BD /* UyDoshAppClipApp.swift in Sources */,
				6F86F2DF69F801454F09F2E7 /* RootView.swift in Sources */,
				C56DE33BE6B8993FA224EFDC /* ScanErrorView.swift in Sources */,
				6D53D6CE4448459634FA86BB /* ScanIntroView.swift in Sources */,
				AEDF0D2DFAE12ECC5932FA98 /* ScanReviewView.swift in Sources */,
				85307E6B96ACDAAFA994A85B /* ScanSuccessView.swift in Sources */,
				7B42B286E4DFD5276EC0F99A /* ScanView.swift in Sources */,
				D75BA067C38422C9899FA5AB /* UploadProgressView.swift in Sources */,
			);
			runOnlyForDeploymentPostprocessing = 0;
		};
		331C807D294A63A400263BE5 /* Sources */ = {
			isa = PBXSourcesBuildPhase;
			buildActionMask = 2147483647;
			files = (
				331C808B294A63AB00263BE5 /* RunnerTests.swift in Sources */,
				E8A1B3151ED2DC560051582D /* FloorPlanResizeServiceTests.swift in Sources */,
			);
			runOnlyForDeploymentPostprocessing = 0;
		};
		97C146EA1CF9000F007C117D /* Sources */ = {
			isa = PBXSourcesBuildPhase;
			buildActionMask = 2147483647;
			files = (
				74858FAF1ED2DC5600515810 /* AppDelegate.swift in Sources */,
				E8A1B2C41ED2DC5600515811 /* RoomUsdzViewerViewController.swift in Sources */,
				E8A1B2D11ED2DC5600515812 /* RoomScanBoundsPlugin.swift in Sources */,
				E8A1B2E11ED2DC5600515813 /* RoomScanMetricsComputer.swift in Sources */,
				E8A1B3191ED2DC5600515831 /* RoomScanOrientationCapture.swift in Sources */,
				E8A1B2F11ED2DC5600515814 /* FloorPlanModel.swift in Sources */,
				E8A1B2F21ED2DC5600515815 /* FloorPlanProjectionService.swift in Sources */,
				E8A1B2F41ED2DC5600515816 /* FloorPlanRenderers.swift in Sources */,
				E8A1B2F61ED2DC5600515817 /* FloorPlanCanvas.swift in Sources */,
				E8A1B2F81ED2DC5600515818 /* FloorPlanTab.swift in Sources */,
				E8A1B3011ED2DC5600515819 /* FloorPlanAlignmentService.swift in Sources */,
				E8A1B3031ED2DC560051581B /* EditableFloorPlanModel.swift in Sources */,
				E8A1B3051ED2DC560051581D /* RoomPlanToEditableModelMapper.swift in Sources */,
				E8A1B3071ED2DC560051581F /* EditableFloorPlanAlignService.swift in Sources */,
				E8A1B3091ED2DC5600515821 /* DimensionLineService.swift in Sources */,
				E8A1B30B1ED2DC5600515823 /* FloorPlanResizeService.swift in Sources */,
				E8A1B30D1ED2DC5600515825 /* EditableFloorPlanProjector.swift in Sources */,
				E8A1B30F1ED2DC5600515827 /* FloorPlanStateManager.swift in Sources */,
				E8A1B3111ED2DC5600515829 /* Scene3DRegenerationService.swift in Sources */,
				E8A1B3131ED2DC560051582B /* DimensionEditController.swift in Sources */,
				E8A1B31B1ED2DC5600515833 /* FloorPlanNorthOrientation.swift in Sources */,
				E8A1B31D1ED2DC5600515835 /* CompassOrientationEditController.swift in Sources */,
				E8A1B32D1ED2DC560051584D /* CompassOrientationAdjustPanel.swift in Sources */,
				E8A1B3211ED2DC5600515841 /* SunPositionMath.swift in Sources */,
				E8A1B3401ED2DC5600515901 /* SolarPosition.swift in Sources */,
				E8A1B3231ED2DC5600515843 /* SunSimulationController.swift in Sources */,
				E8A1B3251ED2DC5600515845 /* SunSimulationPanel.swift in Sources */,
				E8A1B3271ED2DC5600515847 /* SunCompassOverlayView.swift in Sources */,
				E8A1B3401ED2DC5600515860 /* SunClockOverlayView.swift in Sources */,
				E8A1B32B1ED2DC560051584B /* CompassScreenProjection.swift in Sources */,
				E8A1B3291ED2DC5600515849 /* ScanCeilingService.swift in Sources */,
				1498D2341E8E89220040F4C2 /* GeneratedPluginRegistrant.m in Sources */,
			);
			runOnlyForDeploymentPostprocessing = 0;
		};
/* End PBXSourcesBuildPhase section */

/* Begin PBXTargetDependency section */
		331C8086294A63A400263BE5 /* PBXTargetDependency */ = {
			isa = PBXTargetDependency;
			target = 97C146ED1CF9000F007C117D /* Runner */;
			targetProxy = 331C8085294A63A400263BE5 /* PBXContainerItemProxy */;
		};
/* End PBXTargetDependency section */

/* Begin PBXVariantGroup section */
		97C146FA1CF9000F007C117D /* Main.storyboard */ = {
			isa = PBXVariantGroup;
			children = (
				97C146FB1CF9000F007C117D /* Base */,
			);
			name = Main.storyboard;
			sourceTree = "<group>";
		};
		97C146FF1CF9000F007C117D /* LaunchScreen.storyboard */ = {
			isa = PBXVariantGroup;
			children = (
				97C147001CF9000F007C117D /* Base */,
			);
			name = LaunchScreen.storyboard;
			sourceTree = "<group>";
		};
		F1A2B3C4D5E60718293A4B60 /* Localizable.strings */ = {
			isa = PBXVariantGroup;
			children = (
				F1A2B3C4D5E60718293A4B61 /* en */,
				F1A2B3C4D5E60718293A4B62 /* ru */,
				F1A2B3C4D5E60718293A4B63 /* uz */,
			);
			name = Localizable.strings;
			sourceTree = "<group>";
		};
		F1A2B3C4D5E60718293A4B70 /* InfoPlist.strings */ = {
			isa = PBXVariantGroup;
			children = (
				F1A2B3C4D5E60718293A4B71 /* en */,
				F1A2B3C4D5E60718293A4B72 /* ru */,
				F1A2B3C4D5E60718293A4B73 /* uz */,
			);
			name = InfoPlist.strings;
			sourceTree = "<group>";
		};
/* End PBXVariantGroup section */

/* Begin XCBuildConfiguration section */
		02BC353B47E799DC3ECDBF1D /* Profile */ = {
			isa = XCBuildConfiguration;
			buildSettings = {
				ASSETCATALOG_COMPILER_APPICON_NAME = AppIcon;
				ASSETCATALOG_COMPILER_GLOBAL_ACCENT_COLOR_NAME = AccentColor;
				CLANG_ENABLE_OBJC_WEAK = NO;
				CODE_SIGN_ENTITLEMENTS = UyDoshAppClip/UyDoshAppClip.entitlements;
				CODE_SIGN_STYLE = Automatic;
				CURRENT_PROJECT_VERSION = 1;
				DEBUG_INFORMATION_FORMAT = "dwarf-with-dsym";
				DEVELOPMENT_TEAM = D5THR62Q33;
				ENABLE_PREVIEWS = YES;
				GENERATE_INFOPLIST_FILE = NO;
				INFOPLIST_FILE = UyDoshAppClip/Info.plist;
				IPHONEOS_DEPLOYMENT_TARGET = 17.0;
				LD_RUNPATH_SEARCH_PATHS = (
					"$(inherited)",
					"@executable_path/Frameworks",
				);
				MARKETING_VERSION = 1.0.0;
				PRODUCT_BUNDLE_IDENTIFIER = com.uydosh.app.Clip;
				PRODUCT_NAME = "$(TARGET_NAME)";
				SDKROOT = iphoneos;
				SWIFT_EMIT_LOC_STRINGS = YES;
				SWIFT_VERSION = 5.0;
				TARGETED_DEVICE_FAMILY = "1,2";
				VALIDATE_PRODUCT = YES;
			};
			name = Profile;
		};
		09B04233002F4C671C11799B /* Profile */ = {
			isa = XCBuildConfiguration;
			buildSettings = {
				ASSETCATALOG_COMPILER_APPICON_NAME = AppIcon;
				ASSETCATALOG_COMPILER_GLOBAL_ACCENT_COLOR_NAME = AccentColor;
				CLANG_ENABLE_OBJC_WEAK = NO;
				CODE_SIGN_ENTITLEMENTS = UyDoshAppClip/UyDoshAppClip.entitlements;
				CODE_SIGN_STYLE = Automatic;
				CURRENT_PROJECT_VERSION = 1;
				DEBUG_INFORMATION_FORMAT = "dwarf-with-dsym";
				DEVELOPMENT_TEAM = D5THR62Q33;
				ENABLE_PREVIEWS = YES;
				GENERATE_INFOPLIST_FILE = NO;
				INFOPLIST_FILE = UyDoshAppClip/Info.plist;
				IPHONEOS_DEPLOYMENT_TARGET = 17.0;
				LD_RUNPATH_SEARCH_PATHS = (
					"$(inherited)",
					"@executable_path/Frameworks",
				);
				MARKETING_VERSION = 1.0.0;
				PRODUCT_BUNDLE_IDENTIFIER = com.uydosh.app.Clip;
				PRODUCT_NAME = "$(TARGET_NAME)";
				SDKROOT = iphoneos;
				SWIFT_EMIT_LOC_STRINGS = YES;
				SWIFT_VERSION = 5.0;
				TARGETED_DEVICE_FAMILY = "1,2";
				VALIDATE_PRODUCT = YES;
			};
			name = Profile;
		};
		15153C653300E8D2BD602DB6 /* Debug */ = {
			isa = XCBuildConfiguration;
			buildSettings = {
				ASSETCATALOG_COMPILER_APPICON_NAME = AppIcon;
				ASSETCATALOG_COMPILER_GLOBAL_ACCENT_COLOR_NAME = AccentColor;
				CLANG_ENABLE_OBJC_WEAK = NO;
				CODE_SIGN_ENTITLEMENTS = UyDoshAppClip/UyDoshAppClip.entitlements;
				CODE_SIGN_STYLE = Automatic;
				CURRENT_PROJECT_VERSION = 1;
				DEBUG_INFORMATION_FORMAT = dwarf;
				DEVELOPMENT_TEAM = D5THR62Q33;
				ENABLE_PREVIEWS = YES;
				GENERATE_INFOPLIST_FILE = NO;
				INFOPLIST_FILE = UyDoshAppClip/Info.plist;
				IPHONEOS_DEPLOYMENT_TARGET = 17.0;
				LD_RUNPATH_SEARCH_PATHS = (
					"$(inherited)",
					"@executable_path/Frameworks",
				);
				MARKETING_VERSION = 1.0.0;
				PRODUCT_BUNDLE_IDENTIFIER = com.uydosh.app.Clip;
				PRODUCT_NAME = "$(TARGET_NAME)";
				SDKROOT = iphoneos;
				SWIFT_ACTIVE_COMPILATION_CONDITIONS = "DEBUG $(inherited)";
				SWIFT_EMIT_LOC_STRINGS = YES;
				SWIFT_OPTIMIZATION_LEVEL = "-Onone";
				SWIFT_VERSION = 5.0;
				TARGETED_DEVICE_FAMILY = "1,2";
			};
			name = Debug;
		};
		249021D3217E4FDB00AE95B9 /* Profile */ = {
			isa = XCBuildConfiguration;
			buildSettings = {
				ALWAYS_SEARCH_USER_PATHS = NO;
				ASSETCATALOG_COMPILER_GENERATE_SWIFT_ASSET_SYMBOL_EXTENSIONS = YES;
				CLANG_ANALYZER_NONNULL = YES;
				CLANG_CXX_LANGUAGE_STANDARD = "gnu++0x";
				CLANG_CXX_LIBRARY = "libc++";
				CLANG_ENABLE_MODULES = YES;
				CLANG_ENABLE_OBJC_ARC = YES;
				CLANG_WARN_BLOCK_CAPTURE_AUTORELEASING = YES;
				CLANG_WARN_BOOL_CONVERSION = YES;
				CLANG_WARN_COMMA = YES;
				CLANG_WARN_CONSTANT_CONVERSION = YES;
				CLANG_WARN_DEPRECATED_OBJC_IMPLEMENTATIONS = YES;
				CLANG_WARN_DIRECT_OBJC_ISA_USAGE = YES_ERROR;
				CLANG_WARN_EMPTY_BODY = YES;
				CLANG_WARN_ENUM_CONVERSION = YES;
				CLANG_WARN_INFINITE_RECURSION = YES;
				CLANG_WARN_INT_CONVERSION = YES;
				CLANG_WARN_NON_LITERAL_NULL_CONVERSION = YES;
				CLANG_WARN_OBJC_IMPLICIT_RETAIN_SELF = YES;
				CLANG_WARN_OBJC_LITERAL_CONVERSION = YES;
				CLANG_WARN_OBJC_ROOT_CLASS = YES_ERROR;
				CLANG_WARN_QUOTED_INCLUDE_IN_FRAMEWORK_HEADER = YES;
				CLANG_WARN_RANGE_LOOP_ANALYSIS = YES;
				CLANG_WARN_STRICT_PROTOTYPES = YES;
				CLANG_WARN_SUSPICIOUS_MOVE = YES;
				CLANG_WARN_UNREACHABLE_CODE = YES;
				CLANG_WARN__DUPLICATE_METHOD_MATCH = YES;
				"CODE_SIGN_IDENTITY[sdk=iphoneos*]" = "iPhone Developer";
				COPY_PHASE_STRIP = NO;
				DEBUG_INFORMATION_FORMAT = "dwarf-with-dsym";
				ENABLE_NS_ASSERTIONS = NO;
				ENABLE_STRICT_OBJC_MSGSEND = YES;
				ENABLE_USER_SCRIPT_SANDBOXING = NO;
				GCC_C_LANGUAGE_STANDARD = gnu99;
				GCC_NO_COMMON_BLOCKS = YES;
				GCC_WARN_64_TO_32_BIT_CONVERSION = YES;
				GCC_WARN_ABOUT_RETURN_TYPE = YES_ERROR;
				GCC_WARN_UNDECLARED_SELECTOR = YES;
				GCC_WARN_UNINITIALIZED_AUTOS = YES_AGGRESSIVE;
				GCC_WARN_UNUSED_FUNCTION = YES;
				GCC_WARN_UNUSED_VARIABLE = YES;
				IPHONEOS_DEPLOYMENT_TARGET = 17.0;
				MTL_ENABLE_DEBUG_INFO = NO;
				SDKROOT = iphoneos;
				SUPPORTED_PLATFORMS = iphoneos;
				TARGETED_DEVICE_FAMILY = "1,2";
				VALIDATE_PRODUCT = YES;
			};
			name = Profile;
		};
		249021D4217E4FDB00AE95B9 /* Profile */ = {
			isa = XCBuildConfiguration;
			baseConfigurationReference = 7AFA3C8E1D35360C0083082E /* Release.xcconfig */;
			buildSettings = {
				ASSETCATALOG_COMPILER_APPICON_NAME = AppIcon;
				CLANG_ENABLE_MODULES = YES;
				CODE_SIGN_ENTITLEMENTS = Runner/Runner.entitlements;
				CURRENT_PROJECT_VERSION = "$(FLUTTER_BUILD_NUMBER)";
				DEVELOPMENT_TEAM = D5THR62Q33;
				ENABLE_BITCODE = NO;
				INFOPLIST_FILE = Runner/Info.plist;
				INFOPLIST_KEY_CFBundleDisplayName = UyDosh;
				LD_RUNPATH_SEARCH_PATHS = (
					"$(inherited)",
					"@executable_path/Frameworks",
				);
				PRODUCT_BUNDLE_IDENTIFIER = com.uydosh.app;
				PRODUCT_NAME = "$(TARGET_NAME)";
				SWIFT_OBJC_BRIDGING_HEADER = "Runner/Runner-Bridging-Header.h";
				SWIFT_VERSION = 5.0;
				VERSIONING_SYSTEM = "apple-generic";
			};
			name = Profile;
		};
		331C8088294A63A400263BE5 /* Debug */ = {
			isa = XCBuildConfiguration;
			baseConfigurationReference = 7C12674D682E550DE91A8C41 /* Pods-RunnerTests.debug.xcconfig */;
			buildSettings = {
				BUNDLE_LOADER = "$(TEST_HOST)";
				CODE_SIGN_STYLE = Automatic;
				CURRENT_PROJECT_VERSION = 1;
				GENERATE_INFOPLIST_FILE = YES;
				MARKETING_VERSION = 1.0;
				PRODUCT_BUNDLE_IDENTIFIER = com.uydosh.app.RunnerTests;
				PRODUCT_NAME = "$(TARGET_NAME)";
				SWIFT_ACTIVE_COMPILATION_CONDITIONS = DEBUG;
				SWIFT_OPTIMIZATION_LEVEL = "-Onone";
				SWIFT_VERSION = 5.0;
				TEST_HOST = "$(BUILT_PRODUCTS_DIR)/Runner.app/$(BUNDLE_EXECUTABLE_FOLDER_PATH)/Runner";
			};
			name = Debug;
		};
		331C8089294A63A400263BE5 /* Release */ = {
			isa = XCBuildConfiguration;
			baseConfigurationReference = C421C8AF8E9A70E1BDB0DC3B /* Pods-RunnerTests.release.xcconfig */;
			buildSettings = {
				BUNDLE_LOADER = "$(TEST_HOST)";
				CODE_SIGN_STYLE = Automatic;
				CURRENT_PROJECT_VERSION = 1;
				GENERATE_INFOPLIST_FILE = YES;
				MARKETING_VERSION = 1.0;
				PRODUCT_BUNDLE_IDENTIFIER = com.uydosh.app.RunnerTests;
				PRODUCT_NAME = "$(TARGET_NAME)";
				SWIFT_VERSION = 5.0;
				TEST_HOST = "$(BUILT_PRODUCTS_DIR)/Runner.app/$(BUNDLE_EXECUTABLE_FOLDER_PATH)/Runner";
			};
			name = Release;
		};
		331C808A294A63A400263BE5 /* Profile */ = {
			isa = XCBuildConfiguration;
			baseConfigurationReference = B9C5B12B3123CEEF5420166E /* Pods-RunnerTests.profile.xcconfig */;
			buildSettings = {
				BUNDLE_LOADER = "$(TEST_HOST)";
				CODE_SIGN_STYLE = Automatic;
				CURRENT_PROJECT_VERSION = 1;
				GENERATE_INFOPLIST_FILE = YES;
				MARKETING_VERSION = 1.0;
				PRODUCT_BUNDLE_IDENTIFIER = com.uydosh.app.RunnerTests;
				PRODUCT_NAME = "$(TARGET_NAME)";
				SWIFT_VERSION = 5.0;
				TEST_HOST = "$(BUILT_PRODUCTS_DIR)/Runner.app/$(BUNDLE_EXECUTABLE_FOLDER_PATH)/Runner";
			};
			name = Profile;
		};
		97C147031CF9000F007C117D /* Debug */ = {
			isa = XCBuildConfiguration;
			buildSettings = {
				ALWAYS_SEARCH_USER_PATHS = NO;
				ASSETCATALOG_COMPILER_GENERATE_SWIFT_ASSET_SYMBOL_EXTENSIONS = YES;
				CLANG_ANALYZER_NONNULL = YES;
				CLANG_CXX_LANGUAGE_STANDARD = "gnu++0x";
				CLANG_CXX_LIBRARY = "libc++";
				CLANG_ENABLE_MODULES = YES;
				CLANG_ENABLE_OBJC_ARC = YES;
				CLANG_WARN_BLOCK_CAPTURE_AUTORELEASING = YES;
				CLANG_WARN_BOOL_CONVERSION = YES;
				CLANG_WARN_COMMA = YES;
				CLANG_WARN_CONSTANT_CONVERSION = YES;
				CLANG_WARN_DEPRECATED_OBJC_IMPLEMENTATIONS = YES;
				CLANG_WARN_DIRECT_OBJC_ISA_USAGE = YES_ERROR;
				CLANG_WARN_EMPTY_BODY = YES;
				CLANG_WARN_ENUM_CONVERSION = YES;
				CLANG_WARN_INFINITE_RECURSION = YES;
				CLANG_WARN_INT_CONVERSION = YES;
				CLANG_WARN_NON_LITERAL_NULL_CONVERSION = YES;
				CLANG_WARN_OBJC_IMPLICIT_RETAIN_SELF = YES;
				CLANG_WARN_OBJC_LITERAL_CONVERSION = YES;
				CLANG_WARN_OBJC_ROOT_CLASS = YES_ERROR;
				CLANG_WARN_QUOTED_INCLUDE_IN_FRAMEWORK_HEADER = YES;
				CLANG_WARN_RANGE_LOOP_ANALYSIS = YES;
				CLANG_WARN_STRICT_PROTOTYPES = YES;
				CLANG_WARN_SUSPICIOUS_MOVE = YES;
				CLANG_WARN_UNREACHABLE_CODE = YES;
				CLANG_WARN__DUPLICATE_METHOD_MATCH = YES;
				"CODE_SIGN_IDENTITY[sdk=iphoneos*]" = "iPhone Developer";
				COPY_PHASE_STRIP = NO;
				DEBUG_INFORMATION_FORMAT = dwarf;
				ENABLE_STRICT_OBJC_MSGSEND = YES;
				ENABLE_TESTABILITY = YES;
				ENABLE_USER_SCRIPT_SANDBOXING = NO;
				GCC_C_LANGUAGE_STANDARD = gnu99;
				GCC_DYNAMIC_NO_PIC = NO;
				GCC_NO_COMMON_BLOCKS = YES;
				GCC_OPTIMIZATION_LEVEL = 0;
				GCC_PREPROCESSOR_DEFINITIONS = (
					"DEBUG=1",
					"$(inherited)",
				);
				GCC_WARN_64_TO_32_BIT_CONVERSION = YES;
				GCC_WARN_ABOUT_RETURN_TYPE = YES_ERROR;
				GCC_WARN_UNDECLARED_SELECTOR = YES;
				GCC_WARN_UNINITIALIZED_AUTOS = YES_AGGRESSIVE;
				GCC_WARN_UNUSED_FUNCTION = YES;
				GCC_WARN_UNUSED_VARIABLE = YES;
				IPHONEOS_DEPLOYMENT_TARGET = 17.0;
				MTL_ENABLE_DEBUG_INFO = YES;
				ONLY_ACTIVE_ARCH = YES;
				SDKROOT = iphoneos;
				TARGETED_DEVICE_FAMILY = "1,2";
			};
			name = Debug;
		};
		97C147041CF9000F007C117D /* Release */ = {
			isa = XCBuildConfiguration;
			buildSettings = {
				ALWAYS_SEARCH_USER_PATHS = NO;
				ASSETCATALOG_COMPILER_GENERATE_SWIFT_ASSET_SYMBOL_EXTENSIONS = YES;
				CLANG_ANALYZER_NONNULL = YES;
				CLANG_CXX_LANGUAGE_STANDARD = "gnu++0x";
				CLANG_CXX_LIBRARY = "libc++";
				CLANG_ENABLE_MODULES = YES;
				CLANG_ENABLE_OBJC_ARC = YES;
				CLANG_WARN_BLOCK_CAPTURE_AUTORELEASING = YES;
				CLANG_WARN_BOOL_CONVERSION = YES;
				CLANG_WARN_COMMA = YES;
				CLANG_WARN_CONSTANT_CONVERSION = YES;
				CLANG_WARN_DEPRECATED_OBJC_IMPLEMENTATIONS = YES;
				CLANG_WARN_DIRECT_OBJC_ISA_USAGE = YES_ERROR;
				CLANG_WARN_EMPTY_BODY = YES;
				CLANG_WARN_ENUM_CONVERSION = YES;
				CLANG_WARN_INFINITE_RECURSION = YES;
				CLANG_WARN_INT_CONVERSION = YES;
				CLANG_WARN_NON_LITERAL_NULL_CONVERSION = YES;
				CLANG_WARN_OBJC_IMPLICIT_RETAIN_SELF = YES;
				CLANG_WARN_OBJC_LITERAL_CONVERSION = YES;
				CLANG_WARN_OBJC_ROOT_CLASS = YES_ERROR;
				CLANG_WARN_QUOTED_INCLUDE_IN_FRAMEWORK_HEADER = YES;
				CLANG_WARN_RANGE_LOOP_ANALYSIS = YES;
				CLANG_WARN_STRICT_PROTOTYPES = YES;
				CLANG_WARN_SUSPICIOUS_MOVE = YES;
				CLANG_WARN_UNREACHABLE_CODE = YES;
				CLANG_WARN__DUPLICATE_METHOD_MATCH = YES;
				"CODE_SIGN_IDENTITY[sdk=iphoneos*]" = "iPhone Developer";
				COPY_PHASE_STRIP = NO;
				DEBUG_INFORMATION_FORMAT = "dwarf-with-dsym";
				ENABLE_NS_ASSERTIONS = NO;
				ENABLE_STRICT_OBJC_MSGSEND = YES;
				ENABLE_USER_SCRIPT_SANDBOXING = NO;
				GCC_C_LANGUAGE_STANDARD = gnu99;
				GCC_NO_COMMON_BLOCKS = YES;
				GCC_WARN_64_TO_32_BIT_CONVERSION = YES;
				GCC_WARN_ABOUT_RETURN_TYPE = YES_ERROR;
				GCC_WARN_UNDECLARED_SELECTOR = YES;
				GCC_WARN_UNINITIALIZED_AUTOS = YES_AGGRESSIVE;
				GCC_WARN_UNUSED_FUNCTION = YES;
				GCC_WARN_UNUSED_VARIABLE = YES;
				IPHONEOS_DEPLOYMENT_TARGET = 17.0;
				MTL_ENABLE_DEBUG_INFO = NO;
				SDKROOT = iphoneos;
				SUPPORTED_PLATFORMS = iphoneos;
				SWIFT_COMPILATION_MODE = wholemodule;
				SWIFT_OPTIMIZATION_LEVEL = "-O";
				TARGETED_DEVICE_FAMILY = "1,2";
				VALIDATE_PRODUCT = YES;
			};
			name = Release;
		};
		97C147061CF9000F007C117D /* Debug */ = {
			isa = XCBuildConfiguration;
			baseConfigurationReference = 9740EEB21CF90195004384FC /* Debug.xcconfig */;
			buildSettings = {
				ASSETCATALOG_COMPILER_APPICON_NAME = AppIcon;
				CLANG_ENABLE_MODULES = YES;
				CODE_SIGN_ENTITLEMENTS = Runner/RunnerDebug.entitlements;
				CURRENT_PROJECT_VERSION = "$(FLUTTER_BUILD_NUMBER)";
				DEVELOPMENT_TEAM = D5THR62Q33;
				ENABLE_BITCODE = NO;
				INFOPLIST_FILE = Runner/Info.plist;
				INFOPLIST_KEY_CFBundleDisplayName = UyDosh;
				LD_RUNPATH_SEARCH_PATHS = (
					"$(inherited)",
					"@executable_path/Frameworks",
				);
				PRODUCT_BUNDLE_IDENTIFIER = com.uydosh.app;
				PRODUCT_NAME = "$(TARGET_NAME)";
				SWIFT_OBJC_BRIDGING_HEADER = "Runner/Runner-Bridging-Header.h";
				SWIFT_OPTIMIZATION_LEVEL = "-Onone";
				SWIFT_VERSION = 5.0;
				VERSIONING_SYSTEM = "apple-generic";
			};
			name = Debug;
		};
		97C147071CF9000F007C117D /* Release */ = {
			isa = XCBuildConfiguration;
			baseConfigurationReference = 7AFA3C8E1D35360C0083082E /* Release.xcconfig */;
			buildSettings = {
				ASSETCATALOG_COMPILER_APPICON_NAME = AppIcon;
				CLANG_ENABLE_MODULES = YES;
				CODE_SIGN_ENTITLEMENTS = Runner/Runner.entitlements;
				CURRENT_PROJECT_VERSION = "$(FLUTTER_BUILD_NUMBER)";
				DEVELOPMENT_TEAM = D5THR62Q33;
				ENABLE_BITCODE = NO;
				INFOPLIST_FILE = Runner/Info.plist;
				INFOPLIST_KEY_CFBundleDisplayName = UyDosh;
				LD_RUNPATH_SEARCH_PATHS = (
					"$(inherited)",
					"@executable_path/Frameworks",
				);
				PRODUCT_BUNDLE_IDENTIFIER = com.uydosh.app;
				PRODUCT_NAME = "$(TARGET_NAME)";
				SWIFT_OBJC_BRIDGING_HEADER = "Runner/Runner-Bridging-Header.h";
				SWIFT_VERSION = 5.0;
				VERSIONING_SYSTEM = "apple-generic";
			};
			name = Release;
		};
		97E3801F71A3923D0483BC10 /* Debug */ = {
			isa = XCBuildConfiguration;
			buildSettings = {
				ASSETCATALOG_COMPILER_APPICON_NAME = AppIcon;
				ASSETCATALOG_COMPILER_GLOBAL_ACCENT_COLOR_NAME = AccentColor;
				CLANG_ENABLE_OBJC_WEAK = NO;
				CODE_SIGN_ENTITLEMENTS = UyDoshAppClip/UyDoshAppClip.entitlements;
				CODE_SIGN_STYLE = Automatic;
				CURRENT_PROJECT_VERSION = 1;
				DEBUG_INFORMATION_FORMAT = dwarf;
				DEVELOPMENT_TEAM = D5THR62Q33;
				ENABLE_PREVIEWS = YES;
				GENERATE_INFOPLIST_FILE = NO;
				INFOPLIST_FILE = UyDoshAppClip/Info.plist;
				IPHONEOS_DEPLOYMENT_TARGET = 17.0;
				LD_RUNPATH_SEARCH_PATHS = (
					"$(inherited)",
					"@executable_path/Frameworks",
				);
				MARKETING_VERSION = 1.0.0;
				PRODUCT_BUNDLE_IDENTIFIER = com.uydosh.app.Clip;
				PRODUCT_NAME = "$(TARGET_NAME)";
				SDKROOT = iphoneos;
				SWIFT_ACTIVE_COMPILATION_CONDITIONS = "DEBUG $(inherited)";
				SWIFT_EMIT_LOC_STRINGS = YES;
				SWIFT_OPTIMIZATION_LEVEL = "-Onone";
				SWIFT_VERSION = 5.0;
				TARGETED_DEVICE_FAMILY = "1,2";
			};
			name = Debug;
		};
		A2DF77B0F72C2467BA4AB3EE /* Release */ = {
			isa = XCBuildConfiguration;
			buildSettings = {
				ASSETCATALOG_COMPILER_APPICON_NAME = AppIcon;
				ASSETCATALOG_COMPILER_GLOBAL_ACCENT_COLOR_NAME = AccentColor;
				CLANG_ENABLE_OBJC_WEAK = NO;
				CODE_SIGN_ENTITLEMENTS = UyDoshAppClip/UyDoshAppClip.entitlements;
				CODE_SIGN_STYLE = Automatic;
				CURRENT_PROJECT_VERSION = 1;
				DEBUG_INFORMATION_FORMAT = "dwarf-with-dsym";
				DEVELOPMENT_TEAM = D5THR62Q33;
				ENABLE_PREVIEWS = YES;
				GENERATE_INFOPLIST_FILE = NO;
				INFOPLIST_FILE = UyDoshAppClip/Info.plist;
				IPHONEOS_DEPLOYMENT_TARGET = 17.0;
				LD_RUNPATH_SEARCH_PATHS = (
					"$(inherited)",
					"@executable_path/Frameworks",
				);
				MARKETING_VERSION = 1.0.0;
				PRODUCT_BUNDLE_IDENTIFIER = com.uydosh.app.Clip;
				PRODUCT_NAME = "$(TARGET_NAME)";
				SDKROOT = iphoneos;
				SWIFT_EMIT_LOC_STRINGS = YES;
				SWIFT_VERSION = 5.0;
				TARGETED_DEVICE_FAMILY = "1,2";
				VALIDATE_PRODUCT = YES;
			};
			name = Release;
		};
		A8F2D88B51079D7BF87DB7D1 /* Release */ = {
			isa = XCBuildConfiguration;
			buildSettings = {
				ASSETCATALOG_COMPILER_APPICON_NAME = AppIcon;
				ASSETCATALOG_COMPILER_GLOBAL_ACCENT_COLOR_NAME = AccentColor;
				CLANG_ENABLE_OBJC_WEAK = NO;
				CODE_SIGN_ENTITLEMENTS = UyDoshAppClip/UyDoshAppClip.entitlements;
				CODE_SIGN_STYLE = Automatic;
				CURRENT_PROJECT_VERSION = 1;
				DEBUG_INFORMATION_FORMAT = "dwarf-with-dsym";
				DEVELOPMENT_TEAM = D5THR62Q33;
				ENABLE_PREVIEWS = YES;
				GENERATE_INFOPLIST_FILE = NO;
				INFOPLIST_FILE = UyDoshAppClip/Info.plist;
				IPHONEOS_DEPLOYMENT_TARGET = 17.0;
				LD_RUNPATH_SEARCH_PATHS = (
					"$(inherited)",
					"@executable_path/Frameworks",
				);
				MARKETING_VERSION = 1.0.0;
				PRODUCT_BUNDLE_IDENTIFIER = com.uydosh.app.Clip;
				PRODUCT_NAME = "$(TARGET_NAME)";
				SDKROOT = iphoneos;
				SWIFT_EMIT_LOC_STRINGS = YES;
				SWIFT_VERSION = 5.0;
				TARGETED_DEVICE_FAMILY = "1,2";
				VALIDATE_PRODUCT = YES;
			};
			name = Release;
		};
/* End XCBuildConfiguration section */

/* Begin XCConfigurationList section */
		2315EE6DC71994BAB82C28E1 /* Build configuration list for PBXNativeTarget "UyDoshAppClip" */ = {
			isa = XCConfigurationList;
			buildConfigurations = (
				A2DF77B0F72C2467BA4AB3EE /* Release */,
				97E3801F71A3923D0483BC10 /* Debug */,
				02BC353B47E799DC3ECDBF1D /* Profile */,
			);
			defaultConfigurationIsVisible = 0;
			defaultConfigurationName = Release;
		};
		331C8087294A63A400263BE5 /* Build configuration list for PBXNativeTarget "RunnerTests" */ = {
			isa = XCConfigurationList;
			buildConfigurations = (
				331C8088294A63A400263BE5 /* Debug */,
				331C8089294A63A400263BE5 /* Release */,
				331C808A294A63A400263BE5 /* Profile */,
			);
			defaultConfigurationIsVisible = 0;
			defaultConfigurationName = Release;
		};
		97C146E91CF9000F007C117D /* Build configuration list for PBXProject "Runner" */ = {
			isa = XCConfigurationList;
			buildConfigurations = (
				97C147031CF9000F007C117D /* Debug */,
				97C147041CF9000F007C117D /* Release */,
				249021D3217E4FDB00AE95B9 /* Profile */,
			);
			defaultConfigurationIsVisible = 0;
			defaultConfigurationName = Release;
		};
		97C147051CF9000F007C117D /* Build configuration list for PBXNativeTarget "Runner" */ = {
			isa = XCConfigurationList;
			buildConfigurations = (
				97C147061CF9000F007C117D /* Debug */,
				97C147071CF9000F007C117D /* Release */,
				249021D4217E4FDB00AE95B9 /* Profile */,
			);
			defaultConfigurationIsVisible = 0;
			defaultConfigurationName = Release;
		};
/* End XCConfigurationList section */
	};
	rootObject = 97C146E61CF9000F007C117D /* Project object */;
}
