PODS:
  - Flutter (1.0.0)
  - flutter_roomplan (0.0.4):
    - Flutter
  - permission_handler_apple (9.3.0):
    - Flutter
  - sign_in_with_apple (0.0.1):
    - Flutter
  - yandex_mapkit (0.0.1):
    - Flutter
    - YandexMapsMobile (= 4.22.0-lite)
  - YandexMapsMobile (4.22.0-lite)

DEPENDENCIES:
  - Flutter (from `Flutter`)
  - flutter_roomplan (from `.symlinks/plugins/flutter_roomplan/ios`)
  - permission_handler_apple (from `.symlinks/plugins/permission_handler_apple/ios`)
  - sign_in_with_apple (from `.symlinks/plugins/sign_in_with_apple/ios`)
  - yandex_mapkit (from `.symlinks/plugins/yandex_mapkit/ios`)

SPEC REPOS:
  trunk:
    - YandexMapsMobile

EXTERNAL SOURCES:
  Flutter:
    :path: Flutter
  flutter_roomplan:
    :path: ".symlinks/plugins/flutter_roomplan/ios"
  permission_handler_apple:
    :path: ".symlinks/plugins/permission_handler_apple/ios"
  sign_in_with_apple:
    :path: ".symlinks/plugins/sign_in_with_apple/ios"
  yandex_mapkit:
    :path: ".symlinks/plugins/yandex_mapkit/ios"

SPEC CHECKSUMS:
  Flutter: cabc95a1d2626b1b06e7179b784ebcf0c0cde467
  flutter_roomplan: a0df08e00ddc20fda094f6480163255a13bbd3bc
  permission_handler_apple: 9878588469a2b0d0fc1e048d9f43605f92e6cec2
  sign_in_with_apple: f3bf75217ea4c2c8b91823f225d70230119b8440
  yandex_mapkit: d98af28162446898790eaed6ae5d1d37b9ed1713
  YandexMapsMobile: c73844c6096bbb240d1491adc511c2ef4a88d88d

PODFILE CHECKSUM: 371d6dc8a937ee03cd9a9ecb17ae87651add0e2d

COCOAPODS: 1.16.2
